// !$*UTF8*$!
{
	archiveVersion = 1;
	classes = {
	};
	objectVersion = 51;
	objects = {

/* Begin PBXBuildFile section */
		9B3DA75C9528BB7110B59A1E /* Pods_IotVideoDemo.framework in Frameworks */ = {isa = PBXBuildFile; fileRef = 2F2057A9D56E920A4E39BA18 /* Pods_IotVideoDemo.framework */; };
		D54C7E91241B9BA3000A65C9 /* IVAccount.storyboard in Resources */ = {isa = PBXBuildFile; fileRef = D54C7E8E241B9BA3000A65C9 /* IVAccount.storyboard */; };
		D59BF32223A27B1E007270B1 /* WoodPeckeriOS.framework in Frameworks */ = {isa = PBXBuildFile; fileRef = D59BF32023A27B14007270B1 /* WoodPeckeriOS.framework */; };
		D59BF32323A27B1E007270B1 /* WoodPeckeriOS.framework in Embed Frameworks */ = {isa = PBXBuildFile; fileRef = D59BF32023A27B14007270B1 /* WoodPeckeriOS.framework */; settings = {ATTRIBUTES = (CodeSignOnCopy, RemoveHeadersOnCopy, ); }; };
		D5E4B3E523975C7200DDA80A /* AudioToolbox.framework in Frameworks */ = {isa = PBXBuildFile; fileRef = D5E4B3E423975C7200DDA80A /* AudioToolbox.framework */; };
		D5E4B3E723975C7A00DDA80A /* CoreMedia.framework in Frameworks */ = {isa = PBXBuildFile; fileRef = D5E4B3E623975C7A00DDA80A /* CoreMedia.framework */; };
		D5E4B3E923975C8600DDA80A /* VideoToolbox.framework in Frameworks */ = {isa = PBXBuildFile; fileRef = D5E4B3E823975C8600DDA80A /* VideoToolbox.framework */; };
		EA5D1D7D2403B389006BD4F2 /* IVNetwork.framework in Frameworks */ = {isa = PBXBuildFile; fileRef = D57E1E522403890E0061D6A8 /* IVNetwork.framework */; };
		EA5D1D7E2403B389006BD4F2 /* IVNetwork.framework in Embed Frameworks */ = {isa = PBXBuildFile; fileRef = D57E1E522403890E0061D6A8 /* IVNetwork.framework */; settings = {ATTRIBUTES = (CodeSignOnCopy, RemoveHeadersOnCopy, ); }; };
		EAB78DAA23CC3E81004B130E /* IVDevTools.framework in Frameworks */ = {isa = PBXBuildFile; fileRef = EAF055B323CC233200432559 /* IVDevTools.framework */; };
		EAB78DAB23CC3E81004B130E /* IVDevTools.framework in Embed Frameworks */ = {isa = PBXBuildFile; fileRef = EAF055B323CC233200432559 /* IVDevTools.framework */; settings = {ATTRIBUTES = (CodeSignOnCopy, RemoveHeadersOnCopy, ); }; };
		EAE34C55241B1C1800865A8A /* IVDevice.swift in Sources */ = {isa = PBXBuildFile; fileRef = EAE34C17241B1C1700865A8A /* IVDevice.swift */; };
		EAE34C56241B1C1800865A8A /* IVQRCodeAddDevice.swift in Sources */ = {isa = PBXBuildFile; fileRef = EAE34C18241B1C1700865A8A /* IVQRCodeAddDevice.swift */; };
		EAE34C57241B1C1800865A8A /* IVVASBuyVC.swift in Sources */ = {isa = PBXBuildFile; fileRef = EAE34C1A241B1C1700865A8A /* IVVASBuyVC.swift */; };
		EAE34C58241B1C1800865A8A /* IVVASGetPlaybackListVC.swift in Sources */ = {isa = PBXBuildFile; fileRef = EAE34C1B241B1C1700865A8A /* IVVASGetPlaybackListVC.swift */; };
		EAE34C59241B1C1800865A8A /* IVCloudStorage.storyboard in Resources */ = {isa = PBXBuildFile; fileRef = EAE34C1C241B1C1700865A8A /* IVCloudStorage.storyboard */; };
		EAE34C5A241B1C1800865A8A /* IVLANDeviceTableVC.swift in Sources */ = {isa = PBXBuildFile; fileRef = EAE34C1D241B1C1700865A8A /* IVLANDeviceTableVC.swift */; };
		EAE34C5B241B1C1800865A8A /* IVSharedListVC.swift in Sources */ = {isa = PBXBuildFile; fileRef = EAE34C1F241B1C1700865A8A /* IVSharedListVC.swift */; };
		EAE34C5C241B1C1800865A8A /* IVShareDeviceTableViewController.swift in Sources */ = {isa = PBXBuildFile; fileRef = EAE34C20241B1C1700865A8A /* IVShareDeviceTableViewController.swift */; };
		EAE34C5D241B1C1800865A8A /* IVDeviceShare.storyboard in Resources */ = {isa = PBXBuildFile; fileRef = EAE34C21241B1C1700865A8A /* IVDeviceShare.storyboard */; };
		EAE34C5E241B1C1800865A8A /* IVShareDeviceByQRCodeVC.swift in Sources */ = {isa = PBXBuildFile; fileRef = EAE34C22241B1C1700865A8A /* IVShareDeviceByQRCodeVC.swift */; };
		EAE34C5F241B1C1800865A8A /* IVQRcodeScanVC.swift in Sources */ = {isa = PBXBuildFile; fileRef = EAE34C23241B1C1700865A8A /* IVQRcodeScanVC.swift */; };
		EAE34C60241B1C1800865A8A /* IVShareDeviceByAccountVC.swift in Sources */ = {isa = PBXBuildFile; fileRef = EAE34C24241B1C1700865A8A /* IVShareDeviceByAccountVC.swift */; };
		EAE34C61241B1C1800865A8A /* IVQRCodeCreateVC.swift in Sources */ = {isa = PBXBuildFile; fileRef = EAE34C25241B1C1700865A8A /* IVQRCodeCreateVC.swift */; };
		EAE34C62241B1C1800865A8A /* IVLiveViewController.swift in Sources */ = {isa = PBXBuildFile; fileRef = EAE34C27241B1C1700865A8A /* IVLiveViewController.swift */; };
		EAE34C63241B1C1800865A8A /* IVPlaybackViewController.swift in Sources */ = {isa = PBXBuildFile; fileRef = EAE34C28241B1C1700865A8A /* IVPlaybackViewController.swift */; };
		EAE34C64241B1C1800865A8A /* IVLivePlayer.storyboard in Resources */ = {isa = PBXBuildFile; fileRef = EAE34C29241B1C1700865A8A /* IVLivePlayer.storyboard */; };
		EAE34C65241B1C1800865A8A /* IVMonitorPlayer.storyboard in Resources */ = {isa = PBXBuildFile; fileRef = EAE34C2A241B1C1700865A8A /* IVMonitorPlayer.storyboard */; };
		EAE34C66241B1C1800865A8A /* IVPlaybackPlayer.storyboard in Resources */ = {isa = PBXBuildFile; fileRef = EAE34C2B241B1C1700865A8A /* IVPlaybackPlayer.storyboard */; };
		EAE34C67241B1C1800865A8A /* IJKMediaViewController.swift in Sources */ = {isa = PBXBuildFile; fileRef = EAE34C2C241B1C1700865A8A /* IJKMediaViewController.swift */; };
		EAE34C68241B1C1800865A8A /* IVDevicePlayerViewController.swift in Sources */ = {isa = PBXBuildFile; fileRef = EAE34C2D241B1C1700865A8A /* IVDevicePlayerViewController.swift */; };
		EAE34C69241B1C1800865A8A /* IVMonitorViewController.swift in Sources */ = {isa = PBXBuildFile; fileRef = EAE34C2E241B1C1700865A8A /* IVMonitorViewController.swift */; };
		EAE34C6B241B1C1800865A8A /* IVMsgOta.storyboard in Resources */ = {isa = PBXBuildFile; fileRef = EAE34C31241B1C1800865A8A /* IVMsgOta.storyboard */; };
		EAE34C6C241B1C1800865A8A /* IVMsgSetVC.swift in Sources */ = {isa = PBXBuildFile; fileRef = EAE34C32241B1C1800865A8A /* IVMsgSetVC.swift */; };
		EAE34C6D241B1C1800865A8A /* IVMsgSet.storyboard in Resources */ = {isa = PBXBuildFile; fileRef = EAE34C33241B1C1800865A8A /* IVMsgSet.storyboard */; };
		EAE34C6E241B1C1800865A8A /* IVMsgOtaVC.swift in Sources */ = {isa = PBXBuildFile; fileRef = EAE34C34241B1C1800865A8A /* IVMsgOtaVC.swift */; };
		EAE34C6F241B1C1800865A8A /* IVMsgGetVC.swift in Sources */ = {isa = PBXBuildFile; fileRef = EAE34C35241B1C1800865A8A /* IVMsgGetVC.swift */; };
		EAE34C70241B1C1800865A8A /* IVMsgGet.storyboard in Resources */ = {isa = PBXBuildFile; fileRef = EAE34C36241B1C1800865A8A /* IVMsgGet.storyboard */; };
		EAE34C71241B1C1800865A8A /* IVNavigationViewController.swift in Sources */ = {isa = PBXBuildFile; fileRef = EAE34C37241B1C1800865A8A /* IVNavigationViewController.swift */; };
		EAE34C7D241B1C1800865A8A /* IVPopupView.swift in Sources */ = {isa = PBXBuildFile; fileRef = EAE34C47241B1C1800865A8A /* IVPopupView.swift */; };
		EAE34C7E241B1C1800865A8A /* UIColor.swift in Sources */ = {isa = PBXBuildFile; fileRef = EAE34C48241B1C1800865A8A /* UIColor.swift */; };
		EAE34C7F241B1C1800865A8A /* IVKeychain.swift in Sources */ = {isa = PBXBuildFile; fileRef = EAE34C49241B1C1800865A8A /* IVKeychain.swift */; };
		EAE34C80241B1C1800865A8A /* IVJson.swift in Sources */ = {isa = PBXBuildFile; fileRef = EAE34C4A241B1C1800865A8A /* IVJson.swift */; };
		EAE34C81241B1C1800865A8A /* IVHudAlert.swift in Sources */ = {isa = PBXBuildFile; fileRef = EAE34C4B241B1C1800865A8A /* IVHudAlert.swift */; };
		EAE34C82241B1C1800865A8A /* IVLoginConst.swift in Sources */ = {isa = PBXBuildFile; fileRef = EAE34C4C241B1C1800865A8A /* IVLoginConst.swift */; };
		EAE34C83241B1C1800865A8A /* IVApiFormatTest.m in Sources */ = {isa = PBXBuildFile; fileRef = EAE34C4D241B1C1800865A8A /* IVApiFormatTest.m */; };
		EAE34C84241B1C1900865A8A /* UIDevice.swift in Sources */ = {isa = PBXBuildFile; fileRef = EAE34C4E241B1C1800865A8A /* UIDevice.swift */; };
		EAE34C85241B1C1900865A8A /* Foundation.swift in Sources */ = {isa = PBXBuildFile; fileRef = EAE34C4F241B1C1800865A8A /* Foundation.swift */; };
		EAE34C86241B1C1900865A8A /* IVTimelineView.swift in Sources */ = {isa = PBXBuildFile; fileRef = EAE34C50241B1C1800865A8A /* IVTimelineView.swift */; };
		EAE34C87241B1C1900865A8A /* IVLogger.swift in Sources */ = {isa = PBXBuildFile; fileRef = EAE34C51241B1C1800865A8A /* IVLogger.swift */; };
		EAE34C88241B1C1900865A8A /* IVApiFormatTest.swift in Sources */ = {isa = PBXBuildFile; fileRef = EAE34C52241B1C1800865A8A /* IVApiFormatTest.swift */; };
		EAE34C89241B1C1900865A8A /* IVCrypto.swift in Sources */ = {isa = PBXBuildFile; fileRef = EAE34C53241B1C1800865A8A /* IVCrypto.swift */; };
		EAE34C8A241B1C1900865A8A /* UIControl.swift in Sources */ = {isa = PBXBuildFile; fileRef = EAE34C54241B1C1800865A8A /* UIControl.swift */; };
		EAE34CAC241B1C4800865A8A /* IVDeviceListViewController.swift in Sources */ = {isa = PBXBuildFile; fileRef = EAE34C8D241B1C4800865A8A /* IVDeviceListViewController.swift */; };
		EAE34CAD241B1C4800865A8A /* IVAccountViewController.swift in Sources */ = {isa = PBXBuildFile; fileRef = EAE34C8E241B1C4800865A8A /* IVAccountViewController.swift */; };
		EAE34CAE241B1C4800865A8A /* IVLogin.storyboard in Resources */ = {isa = PBXBuildFile; fileRef = EAE34C8F241B1C4800865A8A /* IVLogin.storyboard */; };
		EAE34CAF241B1C4800865A8A /* IVDeviceMgrViewController.swift in Sources */ = {isa = PBXBuildFile; fileRef = EAE34C90241B1C4800865A8A /* IVDeviceMgrViewController.swift */; };
		EAE34CB0241B1C4800865A8A /* IVTencentNetworkAPI.swift in Sources */ = {isa = PBXBuildFile; fileRef = EAE34C92241B1C4800865A8A /* IVTencentNetworkAPI.swift */; };
		EAE34CB1241B1C4800865A8A /* IVTencentNetwork.swift in Sources */ = {isa = PBXBuildFile; fileRef = EAE34C93241B1C4800865A8A /* IVTencentNetwork.swift */; };
		EAE34CB2241B1C4800865A8A /* IVMain.storyboard in Resources */ = {isa = PBXBuildFile; fileRef = EAE34C94241B1C4800865A8A /* IVMain.storyboard */; };
		EAE34CB3241B1C4800865A8A /* IVAILab.storyboard in Resources */ = {isa = PBXBuildFile; fileRef = EAE34C95241B1C4800865A8A /* IVAILab.storyboard */; };
		EAE34CB4241B1C4800865A8A /* IVDeviceMgr.storyboard in Resources */ = {isa = PBXBuildFile; fileRef = EAE34C96241B1C4800865A8A /* IVDeviceMgr.storyboard */; };
		EAE34CB6241B1C4800865A8A /* IVLoginViewController.swift in Sources */ = {isa = PBXBuildFile; fileRef = EAE34C98241B1C4800865A8A /* IVLoginViewController.swift */; };
		EAE34CB7241B1C4800865A8A /* IVAddDevice.storyboard in Resources */ = {isa = PBXBuildFile; fileRef = EAE34C99241B1C4800865A8A /* IVAddDevice.storyboard */; };
		EAE59C4223BA320100808D31 /* IoTVideo.framework in Frameworks */ = {isa = PBXBuildFile; fileRef = EAE59C2E23BA31CA00808D31 /* IoTVideo.framework */; };
		EAE59C4323BA320100808D31 /* IoTVideo.framework in Embed Frameworks */ = {isa = PBXBuildFile; fileRef = EAE59C2E23BA31CA00808D31 /* IoTVideo.framework */; settings = {ATTRIBUTES = (CodeSignOnCopy, RemoveHeadersOnCopy, ); }; };
		EAE59C4423BA320100808D31 /* IVAccountMgr.framework in Frameworks */ = {isa = PBXBuildFile; fileRef = EAE59C3023BA31CB00808D31 /* IVAccountMgr.framework */; };
		EAE59C4523BA320100808D31 /* IVAccountMgr.framework in Embed Frameworks */ = {isa = PBXBuildFile; fileRef = EAE59C3023BA31CB00808D31 /* IVAccountMgr.framework */; settings = {ATTRIBUTES = (CodeSignOnCopy, RemoveHeadersOnCopy, ); }; };
		EAE59C4623BA320100808D31 /* IVVAS.framework in Frameworks */ = {isa = PBXBuildFile; fileRef = EAE59C2F23BA31CB00808D31 /* IVVAS.framework */; };
		EAE59C4723BA320100808D31 /* IVVAS.framework in Embed Frameworks */ = {isa = PBXBuildFile; fileRef = EAE59C2F23BA31CB00808D31 /* IVVAS.framework */; settings = {ATTRIBUTES = (CodeSignOnCopy, RemoveHeadersOnCopy, ); }; };
		EAF055FE23CC237300432559 /* Assets.xcassets in Resources */ = {isa = PBXBuildFile; fileRef = EAF055BB23CC237300432559 /* Assets.xcassets */; };
		EAF0560C23CC237300432559 /* LaunchScreen.storyboard in Resources */ = {isa = PBXBuildFile; fileRef = EAF055CB23CC237300432559 /* LaunchScreen.storyboard */; };
		EAF0562823CC237300432559 /* AppDelegate.swift in Sources */ = {isa = PBXBuildFile; fileRef = EAF055EF23CC237300432559 /* AppDelegate.swift */; };
		EAF0563F23CC274C00432559 /* IJKMediaFramework.framework in Frameworks */ = {isa = PBXBuildFile; fileRef = EAF0563D23CC273E00432559 /* IJKMediaFramework.framework */; };
		EAF0564023CC274C00432559 /* IJKMediaFramework.framework in Embed Frameworks */ = {isa = PBXBuildFile; fileRef = EAF0563D23CC273E00432559 /* IJKMediaFramework.framework */; settings = {ATTRIBUTES = (CodeSignOnCopy, RemoveHeadersOnCopy, ); }; };
/* End PBXBuildFile section */

/* Begin PBXContainerItemProxy section */
		EAF055B223CC233200432559 /* PBXContainerItemProxy */ = {
			isa = PBXContainerItemProxy;
			containerPortal = EAF055AD23CC233200432559 /* IVDevTools.xcodeproj */;
			proxyType = 2;
			remoteGlobalIDString = EA4B5AA1230B9C8B00A441D0;
			remoteInfo = IVDevTools;
		};
		EAF055B423CC233200432559 /* PBXContainerItemProxy */ = {
			isa = PBXContainerItemProxy;
			containerPortal = EAF055AD23CC233200432559 /* IVDevTools.xcodeproj */;
			proxyType = 2;
			remoteGlobalIDString = EAAA4759230E62AF001ADDB2;
			remoteInfo = Resource;
		};
/* End PBXContainerItemProxy section */

/* Begin PBXCopyFilesBuildPhase section */
		D5F22F9223A0C05D007C3A48 /* Embed Frameworks */ = {
			isa = PBXCopyFilesBuildPhase;
			buildActionMask = 2147483647;
			dstPath = "";
			dstSubfolderSpec = 10;
			files = (
				EA5D1D7E2403B389006BD4F2 /* IVNetwork.framework in Embed Frameworks */,
				EAE59C4723BA320100808D31 /* IVVAS.framework in Embed Frameworks */,
				EAE59C4523BA320100808D31 /* IVAccountMgr.framework in Embed Frameworks */,
				D59BF32323A27B1E007270B1 /* WoodPeckeriOS.framework in Embed Frameworks */,
				EAB78DAB23CC3E81004B130E /* IVDevTools.framework in Embed Frameworks */,
				EAF0564023CC274C00432559 /* IJKMediaFramework.framework in Embed Frameworks */,
				EAE59C4323BA320100808D31 /* IoTVideo.framework in Embed Frameworks */,
			);
			name = "Embed Frameworks";
			runOnlyForDeploymentPostprocessing = 0;
		};
/* End PBXCopyFilesBuildPhase section */

/* Begin PBXFileReference section */
		2160A463823060A34070D379 /* Pods-IotVideoTest.release.xcconfig */ = {isa = PBXFileReference; includeInIndex = 1; lastKnownFileType = text.xcconfig; name = "Pods-IotVideoTest.release.xcconfig"; path = "../../../Pods/Target Support Files/Pods-IotVideoTest/Pods-IotVideoTest.release.xcconfig"; sourceTree = "<group>"; };
		2F2057A9D56E920A4E39BA18 /* Pods_IotVideoDemo.framework */ = {isa = PBXFileReference; explicitFileType = wrapper.framework; includeInIndex = 0; path = Pods_IotVideoDemo.framework; sourceTree = BUILT_PRODUCTS_DIR; };
		8DF004ACBB39C6212BA81A65 /* Pods-IotVideoAccontMgrDemo.release.xcconfig */ = {isa = PBXFileReference; includeInIndex = 1; lastKnownFileType = text.xcconfig; name = "Pods-IotVideoAccontMgrDemo.release.xcconfig"; path = "Target Support Files/Pods-IotVideoAccontMgrDemo/Pods-IotVideoAccontMgrDemo.release.xcconfig"; sourceTree = "<group>"; };
		D54C7E8E241B9BA3000A65C9 /* IVAccount.storyboard */ = {isa = PBXFileReference; fileEncoding = 4; lastKnownFileType = file.storyboard; path = IVAccount.storyboard; sourceTree = "<group>"; };
		D57E1E522403890E0061D6A8 /* IVNetwork.framework */ = {isa = PBXFileReference; lastKnownFileType = wrapper.framework; name = IVNetwork.framework; path = ../../SDK/Frameworks/IVNetwork.framework; sourceTree = "<group>"; };
		D59BF32023A27B14007270B1 /* WoodPeckeriOS.framework */ = {isa = PBXFileReference; lastKnownFileType = wrapper.framework; path = WoodPeckeriOS.framework; sourceTree = "<group>"; };
		D5C7222D23839B9600585D33 /* IotVideoDemo.app */ = {isa = PBXFileReference; explicitFileType = wrapper.application; includeInIndex = 0; path = IotVideoDemo.app; sourceTree = BUILT_PRODUCTS_DIR; };
		D5E4B3E423975C7200DDA80A /* AudioToolbox.framework */ = {isa = PBXFileReference; lastKnownFileType = wrapper.framework; name = AudioToolbox.framework; path = System/Library/Frameworks/AudioToolbox.framework; sourceTree = SDKROOT; };
		D5E4B3E623975C7A00DDA80A /* CoreMedia.framework */ = {isa = PBXFileReference; lastKnownFileType = wrapper.framework; name = CoreMedia.framework; path = System/Library/Frameworks/CoreMedia.framework; sourceTree = SDKROOT; };
		D5E4B3E823975C8600DDA80A /* VideoToolbox.framework */ = {isa = PBXFileReference; lastKnownFileType = wrapper.framework; name = VideoToolbox.framework; path = System/Library/Frameworks/VideoToolbox.framework; sourceTree = SDKROOT; };
		D5E4B3EA23975C8F00DDA80A /* libz.tbd */ = {isa = PBXFileReference; lastKnownFileType = "sourcecode.text-based-dylib-definition"; name = libz.tbd; path = usr/lib/libz.tbd; sourceTree = SDKROOT; };
		DACD94A089C77B105D17650E /* Pods-IotVideoAccontMgrDemo.debug.xcconfig */ = {isa = PBXFileReference; includeInIndex = 1; lastKnownFileType = text.xcconfig; name = "Pods-IotVideoAccontMgrDemo.debug.xcconfig"; path = "Target Support Files/Pods-IotVideoAccontMgrDemo/Pods-IotVideoAccontMgrDemo.debug.xcconfig"; sourceTree = "<group>"; };
		DD572BAB8010505F98B3D510 /* Pods-IotVideoDemo.debug.xcconfig */ = {isa = PBXFileReference; includeInIndex = 1; lastKnownFileType = text.xcconfig; name = "Pods-IotVideoDemo.debug.xcconfig"; path = "../../../Pods/Target Support Files/Pods-IotVideoDemo/Pods-IotVideoDemo.debug.xcconfig"; sourceTree = "<group>"; };
		EAE34C17241B1C1700865A8A /* IVDevice.swift */ = {isa = PBXFileReference; fileEncoding = 4; lastKnownFileType = sourcecode.swift; path = IVDevice.swift; sourceTree = "<group>"; };
		EAE34C18241B1C1700865A8A /* IVQRCodeAddDevice.swift */ = {isa = PBXFileReference; fileEncoding = 4; lastKnownFileType = sourcecode.swift; path = IVQRCodeAddDevice.swift; sourceTree = "<group>"; };
		EAE34C1A241B1C1700865A8A /* IVVASBuyVC.swift */ = {isa = PBXFileReference; fileEncoding = 4; lastKnownFileType = sourcecode.swift; path = IVVASBuyVC.swift; sourceTree = "<group>"; };
		EAE34C1B241B1C1700865A8A /* IVVASGetPlaybackListVC.swift */ = {isa = PBXFileReference; fileEncoding = 4; lastKnownFileType = sourcecode.swift; path = IVVASGetPlaybackListVC.swift; sourceTree = "<group>"; };
		EAE34C1C241B1C1700865A8A /* IVCloudStorage.storyboard */ = {isa = PBXFileReference; fileEncoding = 4; lastKnownFileType = file.storyboard; path = IVCloudStorage.storyboard; sourceTree = "<group>"; };
		EAE34C1D241B1C1700865A8A /* IVLANDeviceTableVC.swift */ = {isa = PBXFileReference; fileEncoding = 4; lastKnownFileType = sourcecode.swift; path = IVLANDeviceTableVC.swift; sourceTree = "<group>"; };
		EAE34C1F241B1C1700865A8A /* IVSharedListVC.swift */ = {isa = PBXFileReference; fileEncoding = 4; lastKnownFileType = sourcecode.swift; path = IVSharedListVC.swift; sourceTree = "<group>"; };
		EAE34C20241B1C1700865A8A /* IVShareDeviceTableViewController.swift */ = {isa = PBXFileReference; fileEncoding = 4; lastKnownFileType = sourcecode.swift; path = IVShareDeviceTableViewController.swift; sourceTree = "<group>"; };
		EAE34C21241B1C1700865A8A /* IVDeviceShare.storyboard */ = {isa = PBXFileReference; fileEncoding = 4; lastKnownFileType = file.storyboard; path = IVDeviceShare.storyboard; sourceTree = "<group>"; };
		EAE34C22241B1C1700865A8A /* IVShareDeviceByQRCodeVC.swift */ = {isa = PBXFileReference; fileEncoding = 4; lastKnownFileType = sourcecode.swift; path = IVShareDeviceByQRCodeVC.swift; sourceTree = "<group>"; };
		EAE34C23241B1C1700865A8A /* IVQRcodeScanVC.swift */ = {isa = PBXFileReference; fileEncoding = 4; lastKnownFileType = sourcecode.swift; path = IVQRcodeScanVC.swift; sourceTree = "<group>"; };
		EAE34C24241B1C1700865A8A /* IVShareDeviceByAccountVC.swift */ = {isa = PBXFileReference; fileEncoding = 4; lastKnownFileType = sourcecode.swift; path = IVShareDeviceByAccountVC.swift; sourceTree = "<group>"; };
		EAE34C25241B1C1700865A8A /* IVQRCodeCreateVC.swift */ = {isa = PBXFileReference; fileEncoding = 4; lastKnownFileType = sourcecode.swift; path = IVQRCodeCreateVC.swift; sourceTree = "<group>"; };
		EAE34C27241B1C1700865A8A /* IVLiveViewController.swift */ = {isa = PBXFileReference; fileEncoding = 4; lastKnownFileType = sourcecode.swift; path = IVLiveViewController.swift; sourceTree = "<group>"; };
		EAE34C28241B1C1700865A8A /* IVPlaybackViewController.swift */ = {isa = PBXFileReference; fileEncoding = 4; lastKnownFileType = sourcecode.swift; path = IVPlaybackViewController.swift; sourceTree = "<group>"; };
		EAE34C29241B1C1700865A8A /* IVLivePlayer.storyboard */ = {isa = PBXFileReference; fileEncoding = 4; lastKnownFileType = file.storyboard; path = IVLivePlayer.storyboard; sourceTree = "<group>"; };
		EAE34C2A241B1C1700865A8A /* IVMonitorPlayer.storyboard */ = {isa = PBXFileReference; fileEncoding = 4; lastKnownFileType = file.storyboard; path = IVMonitorPlayer.storyboard; sourceTree = "<group>"; };
		EAE34C2B241B1C1700865A8A /* IVPlaybackPlayer.storyboard */ = {isa = PBXFileReference; fileEncoding = 4; lastKnownFileType = file.storyboard; path = IVPlaybackPlayer.storyboard; sourceTree = "<group>"; };
		EAE34C2C241B1C1700865A8A /* IJKMediaViewController.swift */ = {isa = PBXFileReference; fileEncoding = 4; lastKnownFileType = sourcecode.swift; path = IJKMediaViewController.swift; sourceTree = "<group>"; };
		EAE34C2D241B1C1700865A8A /* IVDevicePlayerViewController.swift */ = {isa = PBXFileReference; fileEncoding = 4; lastKnownFileType = sourcecode.swift; path = IVDevicePlayerViewController.swift; sourceTree = "<group>"; };
		EAE34C2E241B1C1700865A8A /* IVMonitorViewController.swift */ = {isa = PBXFileReference; fileEncoding = 4; lastKnownFileType = sourcecode.swift; path = IVMonitorViewController.swift; sourceTree = "<group>"; };
		EAE34C31241B1C1800865A8A /* IVMsgOta.storyboard */ = {isa = PBXFileReference; fileEncoding = 4; lastKnownFileType = file.storyboard; path = IVMsgOta.storyboard; sourceTree = "<group>"; };
		EAE34C32241B1C1800865A8A /* IVMsgSetVC.swift */ = {isa = PBXFileReference; fileEncoding = 4; lastKnownFileType = sourcecode.swift; path = IVMsgSetVC.swift; sourceTree = "<group>"; };
		EAE34C33241B1C1800865A8A /* IVMsgSet.storyboard */ = {isa = PBXFileReference; fileEncoding = 4; lastKnownFileType = file.storyboard; path = IVMsgSet.storyboard; sourceTree = "<group>"; };
		EAE34C34241B1C1800865A8A /* IVMsgOtaVC.swift */ = {isa = PBXFileReference; fileEncoding = 4; lastKnownFileType = sourcecode.swift; path = IVMsgOtaVC.swift; sourceTree = "<group>"; };
		EAE34C35241B1C1800865A8A /* IVMsgGetVC.swift */ = {isa = PBXFileReference; fileEncoding = 4; lastKnownFileType = sourcecode.swift; path = IVMsgGetVC.swift; sourceTree = "<group>"; };
		EAE34C36241B1C1800865A8A /* IVMsgGet.storyboard */ = {isa = PBXFileReference; fileEncoding = 4; lastKnownFileType = file.storyboard; path = IVMsgGet.storyboard; sourceTree = "<group>"; };
		EAE34C37241B1C1800865A8A /* IVNavigationViewController.swift */ = {isa = PBXFileReference; fileEncoding = 4; lastKnownFileType = sourcecode.swift; path = IVNavigationViewController.swift; sourceTree = "<group>"; };
		EAE34C46241B1C1800865A8A /* IVApiFormatTest.h */ = {isa = PBXFileReference; fileEncoding = 4; lastKnownFileType = sourcecode.c.h; path = IVApiFormatTest.h; sourceTree = "<group>"; };
		EAE34C47241B1C1800865A8A /* IVPopupView.swift */ = {isa = PBXFileReference; fileEncoding = 4; lastKnownFileType = sourcecode.swift; path = IVPopupView.swift; sourceTree = "<group>"; };
		EAE34C48241B1C1800865A8A /* UIColor.swift */ = {isa = PBXFileReference; fileEncoding = 4; lastKnownFileType = sourcecode.swift; path = UIColor.swift; sourceTree = "<group>"; };
		EAE34C49241B1C1800865A8A /* IVKeychain.swift */ = {isa = PBXFileReference; fileEncoding = 4; lastKnownFileType = sourcecode.swift; path = IVKeychain.swift; sourceTree = "<group>"; };
		EAE34C4A241B1C1800865A8A /* IVJson.swift */ = {isa = PBXFileReference; fileEncoding = 4; lastKnownFileType = sourcecode.swift; path = IVJson.swift; sourceTree = "<group>"; };
		EAE34C4B241B1C1800865A8A /* IVHudAlert.swift */ = {isa = PBXFileReference; fileEncoding = 4; lastKnownFileType = sourcecode.swift; path = IVHudAlert.swift; sourceTree = "<group>"; };
		EAE34C4C241B1C1800865A8A /* IVLoginConst.swift */ = {isa = PBXFileReference; fileEncoding = 4; lastKnownFileType = sourcecode.swift; path = IVLoginConst.swift; sourceTree = "<group>"; };
		EAE34C4D241B1C1800865A8A /* IVApiFormatTest.m */ = {isa = PBXFileReference; fileEncoding = 4; lastKnownFileType = sourcecode.c.objc; path = IVApiFormatTest.m; sourceTree = "<group>"; };
		EAE34C4E241B1C1800865A8A /* UIDevice.swift */ = {isa = PBXFileReference; fileEncoding = 4; lastKnownFileType = sourcecode.swift; path = UIDevice.swift; sourceTree = "<group>"; };
		EAE34C4F241B1C1800865A8A /* Foundation.swift */ = {isa = PBXFileReference; fileEncoding = 4; lastKnownFileType = sourcecode.swift; path = Foundation.swift; sourceTree = "<group>"; };
		EAE34C50241B1C1800865A8A /* IVTimelineView.swift */ = {isa = PBXFileReference; fileEncoding = 4; lastKnownFileType = sourcecode.swift; path = IVTimelineView.swift; sourceTree = "<group>"; };
		EAE34C51241B1C1800865A8A /* IVLogger.swift */ = {isa = PBXFileReference; fileEncoding = 4; lastKnownFileType = sourcecode.swift; path = IVLogger.swift; sourceTree = "<group>"; };
		EAE34C52241B1C1800865A8A /* IVApiFormatTest.swift */ = {isa = PBXFileReference; fileEncoding = 4; lastKnownFileType = sourcecode.swift; path = IVApiFormatTest.swift; sourceTree = "<group>"; };
		EAE34C53241B1C1800865A8A /* IVCrypto.swift */ = {isa = PBXFileReference; fileEncoding = 4; lastKnownFileType = sourcecode.swift; path = IVCrypto.swift; sourceTree = "<group>"; };
		EAE34C54241B1C1800865A8A /* UIControl.swift */ = {isa = PBXFileReference; fileEncoding = 4; lastKnownFileType = sourcecode.swift; path = UIControl.swift; sourceTree = "<group>"; };
		EAE34C8D241B1C4800865A8A /* IVDeviceListViewController.swift */ = {isa = PBXFileReference; fileEncoding = 4; lastKnownFileType = sourcecode.swift; path = IVDeviceListViewController.swift; sourceTree = "<group>"; };
		EAE34C8E241B1C4800865A8A /* IVAccountViewController.swift */ = {isa = PBXFileReference; fileEncoding = 4; lastKnownFileType = sourcecode.swift; path = IVAccountViewController.swift; sourceTree = "<group>"; };
		EAE34C8F241B1C4800865A8A /* IVLogin.storyboard */ = {isa = PBXFileReference; fileEncoding = 4; lastKnownFileType = file.storyboard; path = IVLogin.storyboard; sourceTree = "<group>"; };
		EAE34C90241B1C4800865A8A /* IVDeviceMgrViewController.swift */ = {isa = PBXFileReference; fileEncoding = 4; lastKnownFileType = sourcecode.swift; path = IVDeviceMgrViewController.swift; sourceTree = "<group>"; };
		EAE34C92241B1C4800865A8A /* IVTencentNetworkAPI.swift */ = {isa = PBXFileReference; fileEncoding = 4; lastKnownFileType = sourcecode.swift; path = IVTencentNetworkAPI.swift; sourceTree = "<group>"; };
		EAE34C93241B1C4800865A8A /* IVTencentNetwork.swift */ = {isa = PBXFileReference; fileEncoding = 4; lastKnownFileType = sourcecode.swift; path = IVTencentNetwork.swift; sourceTree = "<group>"; };
		EAE34C94241B1C4800865A8A /* IVMain.storyboard */ = {isa = PBXFileReference; fileEncoding = 4; lastKnownFileType = file.storyboard; path = IVMain.storyboard; sourceTree = "<group>"; };
		EAE34C95241B1C4800865A8A /* IVAILab.storyboard */ = {isa = PBXFileReference; fileEncoding = 4; lastKnownFileType = file.storyboard; path = IVAILab.storyboard; sourceTree = "<group>"; };
		EAE34C96241B1C4800865A8A /* IVDeviceMgr.storyboard */ = {isa = PBXFileReference; fileEncoding = 4; lastKnownFileType = file.storyboard; path = IVDeviceMgr.storyboard; sourceTree = "<group>"; };
		EAE34C97241B1C4800865A8A /* Info.plist */ = {isa = PBXFileReference; fileEncoding = 4; lastKnownFileType = text.plist.xml; path = Info.plist; sourceTree = "<group>"; };
		EAE34C98241B1C4800865A8A /* IVLoginViewController.swift */ = {isa = PBXFileReference; fileEncoding = 4; lastKnownFileType = sourcecode.swift; path = IVLoginViewController.swift; sourceTree = "<group>"; };
		EAE34C99241B1C4800865A8A /* IVAddDevice.storyboard */ = {isa = PBXFileReference; fileEncoding = 4; lastKnownFileType = file.storyboard; path = IVAddDevice.storyboard; sourceTree = "<group>"; };
		EAE59C2E23BA31CA00808D31 /* IoTVideo.framework */ = {isa = PBXFileReference; lastKnownFileType = wrapper.framework; name = IoTVideo.framework; path = ../../SDK/Frameworks/IoTVideo.framework; sourceTree = "<group>"; };
		EAE59C2F23BA31CB00808D31 /* IVVAS.framework */ = {isa = PBXFileReference; lastKnownFileType = wrapper.framework; name = IVVAS.framework; path = ../../SDK/Frameworks/IVVAS.framework; sourceTree = "<group>"; };
		EAE59C3023BA31CB00808D31 /* IVAccountMgr.framework */ = {isa = PBXFileReference; lastKnownFileType = wrapper.framework; name = IVAccountMgr.framework; path = ../../SDK/Frameworks/IVAccountMgr.framework; sourceTree = "<group>"; };
		EAF055AD23CC233200432559 /* IVDevTools.xcodeproj */ = {isa = PBXFileReference; lastKnownFileType = "wrapper.pb-project"; name = IVDevTools.xcodeproj; path = IVDevTools/IVDevTools.xcodeproj; sourceTree = "<group>"; };
		EAF055B923CC237300432559 /* IotVideoDemo-Bridging-Header.h */ = {isa = PBXFileReference; fileEncoding = 4; lastKnownFileType = sourcecode.c.h; path = "IotVideoDemo-Bridging-Header.h"; sourceTree = "<group>"; };
		EAF055BA23CC237300432559 /* IotVideoDemo.entitlements */ = {isa = PBXFileReference; fileEncoding = 4; lastKnownFileType = text.plist.entitlements; path = IotVideoDemo.entitlements; sourceTree = "<group>"; };
		EAF055BB23CC237300432559 /* Assets.xcassets */ = {isa = PBXFileReference; lastKnownFileType = folder.assetcatalog; path = Assets.xcassets; sourceTree = "<group>"; };
		EAF055CC23CC237300432559 /* Base */ = {isa = PBXFileReference; lastKnownFileType = file.storyboard; name = Base; path = Base.lproj/LaunchScreen.storyboard; sourceTree = "<group>"; };
		EAF055EF23CC237300432559 /* AppDelegate.swift */ = {isa = PBXFileReference; fileEncoding = 4; lastKnownFileType = sourcecode.swift; path = AppDelegate.swift; sourceTree = "<group>"; };
		EAF0563D23CC273E00432559 /* IJKMediaFramework.framework */ = {isa = PBXFileReference; lastKnownFileType = wrapper.framework; name = IJKMediaFramework.framework; path = IotVideoDemo/IJKMediaFramework.framework; sourceTree = "<group>"; };
		ECF63F18C2CB6B85B6DBE5A7 /* Pods-IotVideoDemo.release.xcconfig */ = {isa = PBXFileReference; includeInIndex = 1; lastKnownFileType = text.xcconfig; name = "Pods-IotVideoDemo.release.xcconfig"; path = "../../../Pods/Target Support Files/Pods-IotVideoDemo/Pods-IotVideoDemo.release.xcconfig"; sourceTree = "<group>"; };
		F9AFCC166400017A1AEA0039 /* Pods-IotVideoTest.debug.xcconfig */ = {isa = PBXFileReference; includeInIndex = 1; lastKnownFileType = text.xcconfig; name = "Pods-IotVideoTest.debug.xcconfig"; path = "../../../Pods/Target Support Files/Pods-IotVideoTest/Pods-IotVideoTest.debug.xcconfig"; sourceTree = "<group>"; };
/* End PBXFileReference section */

/* Begin PBXFrameworksBuildPhase section */
		D5C7222A23839B9600585D33 /* Frameworks */ = {
			isa = PBXFrameworksBuildPhase;
			buildActionMask = 2147483647;
			files = (
				EAE59C4223BA320100808D31 /* IoTVideo.framework in Frameworks */,
				EAB78DAA23CC3E81004B130E /* IVDevTools.framework in Frameworks */,
				EAE59C4423BA320100808D31 /* IVAccountMgr.framework in Frameworks */,
				EAE59C4623BA320100808D31 /* IVVAS.framework in Frameworks */,
				EAF0563F23CC274C00432559 /* IJKMediaFramework.framework in Frameworks */,
				D5E4B3E723975C7A00DDA80A /* CoreMedia.framework in Frameworks */,
				EA5D1D7D2403B389006BD4F2 /* IVNetwork.framework in Frameworks */,
				D5E4B3E923975C8600DDA80A /* VideoToolbox.framework in Frameworks */,
				D59BF32223A27B1E007270B1 /* WoodPeckeriOS.framework in Frameworks */,
				D5E4B3E523975C7200DDA80A /* AudioToolbox.framework in Frameworks */,
				9B3DA75C9528BB7110B59A1E /* Pods_IotVideoDemo.framework in Frameworks */,
			);
			runOnlyForDeploymentPostprocessing = 0;
		};
/* End PBXFrameworksBuildPhase section */

/* Begin PBXGroup section */
		32412E4E8AB189944425730E /* Frameworks */ = {
			isa = PBXGroup;
			children = (
				D57E1E522403890E0061D6A8 /* IVNetwork.framework */,
				EAF0563D23CC273E00432559 /* IJKMediaFramework.framework */,
				EAF055AD23CC233200432559 /* IVDevTools.xcodeproj */,
				EAE59C2E23BA31CA00808D31 /* IoTVideo.framework */,
				EAE59C3023BA31CB00808D31 /* IVAccountMgr.framework */,
				EAE59C2F23BA31CB00808D31 /* IVVAS.framework */,
				D5E4B3EA23975C8F00DDA80A /* libz.tbd */,
				D5E4B3E823975C8600DDA80A /* VideoToolbox.framework */,
				D5E4B3E623975C7A00DDA80A /* CoreMedia.framework */,
				D5E4B3E423975C7200DDA80A /* AudioToolbox.framework */,
				2F2057A9D56E920A4E39BA18 /* Pods_IotVideoDemo.framework */,
			);
			name = Frameworks;
			sourceTree = "<group>";
		};
		AA07CB14330DE4D2A5BF3121 /* Pods */ = {
			isa = PBXGroup;
			children = (
				DACD94A089C77B105D17650E /* Pods-IotVideoAccontMgrDemo.debug.xcconfig */,
				8DF004ACBB39C6212BA81A65 /* Pods-IotVideoAccontMgrDemo.release.xcconfig */,
				DD572BAB8010505F98B3D510 /* Pods-IotVideoDemo.debug.xcconfig */,
				ECF63F18C2CB6B85B6DBE5A7 /* Pods-IotVideoDemo.release.xcconfig */,
				F9AFCC166400017A1AEA0039 /* Pods-IotVideoTest.debug.xcconfig */,
				2160A463823060A34070D379 /* Pods-IotVideoTest.release.xcconfig */,
			);
			path = Pods;
			sourceTree = "<group>";
		};
		D5C7222423839B9600585D33 = {
			isa = PBXGroup;
			children = (
				D59BF32023A27B14007270B1 /* WoodPeckeriOS.framework */,
				EAF055B823CC237300432559 /* IotVideoDemo */,
				D5C7222E23839B9600585D33 /* Products */,
				AA07CB14330DE4D2A5BF3121 /* Pods */,
				32412E4E8AB189944425730E /* Frameworks */,
			);
			sourceTree = "<group>";
		};
		D5C7222E23839B9600585D33 /* Products */ = {
			isa = PBXGroup;
			children = (
				D5C7222D23839B9600585D33 /* IotVideoDemo.app */,
			);
			name = Products;
			sourceTree = "<group>";
		};
		EAE34C16241B1C1700865A8A /* Device */ = {
			isa = PBXGroup;
			children = (
				EAE34C99241B1C4800865A8A /* IVAddDevice.storyboard */,
				EAE34C17241B1C1700865A8A /* IVDevice.swift */,
				EAE34C18241B1C1700865A8A /* IVQRCodeAddDevice.swift */,
				EAE34C19241B1C1700865A8A /* IVVAS */,
				EAE34C1D241B1C1700865A8A /* IVLANDeviceTableVC.swift */,
				EAE34C1E241B1C1700865A8A /* IVShare */,
				EAE34C25241B1C1700865A8A /* IVQRCodeCreateVC.swift */,
				EAE34C26241B1C1700865A8A /* Player */,
			);
			path = Device;
			sourceTree = "<group>";
		};
		EAE34C19241B1C1700865A8A /* IVVAS */ = {
			isa = PBXGroup;
			children = (
				EAE34C1A241B1C1700865A8A /* IVVASBuyVC.swift */,
				EAE34C1B241B1C1700865A8A /* IVVASGetPlaybackListVC.swift */,
				EAE34C1C241B1C1700865A8A /* IVCloudStorage.storyboard */,
			);
			path = IVVAS;
			sourceTree = "<group>";
		};
		EAE34C1E241B1C1700865A8A /* IVShare */ = {
			isa = PBXGroup;
			children = (
				EAE34C1F241B1C1700865A8A /* IVSharedListVC.swift */,
				EAE34C20241B1C1700865A8A /* IVShareDeviceTableViewController.swift */,
				EAE34C21241B1C1700865A8A /* IVDeviceShare.storyboard */,
				EAE34C22241B1C1700865A8A /* IVShareDeviceByQRCodeVC.swift */,
				EAE34C23241B1C1700865A8A /* IVQRcodeScanVC.swift */,
				EAE34C24241B1C1700865A8A /* IVShareDeviceByAccountVC.swift */,
			);
			path = IVShare;
			sourceTree = "<group>";
		};
		EAE34C26241B1C1700865A8A /* Player */ = {
			isa = PBXGroup;
			children = (
				EAE34C27241B1C1700865A8A /* IVLiveViewController.swift */,
				EAE34C28241B1C1700865A8A /* IVPlaybackViewController.swift */,
				EAE34C29241B1C1700865A8A /* IVLivePlayer.storyboard */,
				EAE34C2A241B1C1700865A8A /* IVMonitorPlayer.storyboard */,
				EAE34C2B241B1C1700865A8A /* IVPlaybackPlayer.storyboard */,
				EAE34C2C241B1C1700865A8A /* IJKMediaViewController.swift */,
				EAE34C2D241B1C1700865A8A /* IVDevicePlayerViewController.swift */,
				EAE34C2E241B1C1700865A8A /* IVMonitorViewController.swift */,
			);
			path = Player;
			sourceTree = "<group>";
		};
		EAE34C30241B1C1800865A8A /* IVMsg */ = {
			isa = PBXGroup;
			children = (
				EAE34C31241B1C1800865A8A /* IVMsgOta.storyboard */,
				EAE34C32241B1C1800865A8A /* IVMsgSetVC.swift */,
				EAE34C33241B1C1800865A8A /* IVMsgSet.storyboard */,
				EAE34C34241B1C1800865A8A /* IVMsgOtaVC.swift */,
				EAE34C35241B1C1800865A8A /* IVMsgGetVC.swift */,
				EAE34C36241B1C1800865A8A /* IVMsgGet.storyboard */,
			);
			path = IVMsg;
			sourceTree = "<group>";
		};
		EAE34C45241B1C1800865A8A /* Utils */ = {
			isa = PBXGroup;
			children = (
				EAE34C46241B1C1800865A8A /* IVApiFormatTest.h */,
				EAE34C47241B1C1800865A8A /* IVPopupView.swift */,
				EAE34C48241B1C1800865A8A /* UIColor.swift */,
				EAE34C49241B1C1800865A8A /* IVKeychain.swift */,
				EAE34C4A241B1C1800865A8A /* IVJson.swift */,
				EAE34C4B241B1C1800865A8A /* IVHudAlert.swift */,
				EAE34C4C241B1C1800865A8A /* IVLoginConst.swift */,
				EAE34C4D241B1C1800865A8A /* IVApiFormatTest.m */,
				EAE34C4E241B1C1800865A8A /* UIDevice.swift */,
				EAE34C4F241B1C1800865A8A /* Foundation.swift */,
				EAE34C50241B1C1800865A8A /* IVTimelineView.swift */,
				EAE34C51241B1C1800865A8A /* IVLogger.swift */,
				EAE34C52241B1C1800865A8A /* IVApiFormatTest.swift */,
				EAE34C53241B1C1800865A8A /* IVCrypto.swift */,
				EAE34C54241B1C1800865A8A /* UIControl.swift */,
			);
			path = Utils;
			sourceTree = "<group>";
		};
		EAE34C8B241B1C4800865A8A /* Targets */ = {
			isa = PBXGroup;
			children = (
				EAE34C8C241B1C4800865A8A /* TX */,
			);
			path = Targets;
			sourceTree = "<group>";
		};
		EAE34C8C241B1C4800865A8A /* TX */ = {
			isa = PBXGroup;
			children = (
				D54C7E8E241B9BA3000A65C9 /* IVAccount.storyboard */,
				EAE34C8D241B1C4800865A8A /* IVDeviceListViewController.swift */,
				EAE34C8E241B1C4800865A8A /* IVAccountViewController.swift */,
				EAE34C8F241B1C4800865A8A /* IVLogin.storyboard */,
				EAE34C90241B1C4800865A8A /* IVDeviceMgrViewController.swift */,
				EAE34C91241B1C4800865A8A /* Network */,
				EAE34C94241B1C4800865A8A /* IVMain.storyboard */,
				EAE34C95241B1C4800865A8A /* IVAILab.storyboard */,
				EAE34C96241B1C4800865A8A /* IVDeviceMgr.storyboard */,
				EAE34C97241B1C4800865A8A /* Info.plist */,
				EAE34C98241B1C4800865A8A /* IVLoginViewController.swift */,
			);
			path = TX;
			sourceTree = "<group>";
		};
		EAE34C91241B1C4800865A8A /* Network */ = {
			isa = PBXGroup;
			children = (
				EAE34C92241B1C4800865A8A /* IVTencentNetworkAPI.swift */,
				EAE34C93241B1C4800865A8A /* IVTencentNetwork.swift */,
			);
			path = Network;
			sourceTree = "<group>";
		};
		EAE34CC7241B1CF100865A8A /* Supports */ = {
			isa = PBXGroup;
			children = (
				EAF055BA23CC237300432559 /* IotVideoDemo.entitlements */,
				EAF055BB23CC237300432559 /* Assets.xcassets */,
				EAF055CB23CC237300432559 /* LaunchScreen.storyboard */,
				EAF055B923CC237300432559 /* IotVideoDemo-Bridging-Header.h */,
			);
			name = Supports;
			sourceTree = "<group>";
		};
		EAF055AE23CC233200432559 /* Products */ = {
			isa = PBXGroup;
			children = (
				EAF055B323CC233200432559 /* IVDevTools.framework */,
				EAF055B523CC233200432559 /* Resource.bundle */,
			);
			name = Products;
			sourceTree = "<group>";
		};
		EAF055B823CC237300432559 /* IotVideoDemo */ = {
			isa = PBXGroup;
			children = (
				EAF055EF23CC237300432559 /* AppDelegate.swift */,
				EAE34C37241B1C1800865A8A /* IVNavigationViewController.swift */,
				EAE34C8B241B1C4800865A8A /* Targets */,
				EAE34C16241B1C1700865A8A /* Device */,
				EAE34C30241B1C1800865A8A /* IVMsg */,
				EAE34C45241B1C1800865A8A /* Utils */,
				EAE34CC7241B1CF100865A8A /* Supports */,
			);
			path = IotVideoDemo;
			sourceTree = "<group>";
		};
/* End PBXGroup section */

/* Begin PBXNativeTarget section */
		D5C7222C23839B9600585D33 /* IotVideoDemo */ = {
			isa = PBXNativeTarget;
			buildConfigurationList = D5C7223F23839B9700585D33 /* Build configuration list for PBXNativeTarget "IotVideoDemo" */;
			buildPhases = (
				C53BD107E257598E6622F0B7 /* [CP] Check Pods Manifest.lock */,
				D5C7222923839B9600585D33 /* Sources */,
				D5C7222A23839B9600585D33 /* Frameworks */,
				D5C7222B23839B9600585D33 /* Resources */,
				E4F634524BCE9D1D9E66B1A7 /* [CP] Embed Pods Frameworks */,
				D5F22F9223A0C05D007C3A48 /* Embed Frameworks */,
			);
			buildRules = (
			);
			dependencies = (
			);
			name = IotVideoDemo;
			productName = IotVideoAccontMgrDemo;
			productReference = D5C7222D23839B9600585D33 /* IotVideoDemo.app */;
			productType = "com.apple.product-type.application";
		};
/* End PBXNativeTarget section */

/* Begin PBXProject section */
		D5C7222523839B9600585D33 /* Project object */ = {
			isa = PBXProject;
			attributes = {
				CLASSPREFIX = IV;
				LastSwiftUpdateCheck = 1030;
				LastUpgradeCheck = 1030;
				ORGANIZATIONNAME = gwell;
				TargetAttributes = {
					D5C7222C23839B9600585D33 = {
						CreatedOnToolsVersion = 10.3;
						LastSwiftMigration = 1100;
					};
				};
			};
			buildConfigurationList = D5C7222823839B9600585D33 /* Build configuration list for PBXProject "IotVideoDemo" */;
			compatibilityVersion = "Xcode 9.3";
			developmentRegion = en;
			hasScannedForEncodings = 0;
			knownRegions = (
				en,
				Base,
			);
			mainGroup = D5C7222423839B9600585D33;
			productRefGroup = D5C7222E23839B9600585D33 /* Products */;
			projectDirPath = "";
			projectReferences = (
				{
					ProductGroup = EAF055AE23CC233200432559 /* Products */;
					ProjectRef = EAF055AD23CC233200432559 /* IVDevTools.xcodeproj */;
				},
			);
			projectRoot = "";
			targets = (
				D5C7222C23839B9600585D33 /* IotVideoDemo */,
			);
		};
/* End PBXProject section */

/* Begin PBXReferenceProxy section */
		EAF055B323CC233200432559 /* IVDevTools.framework */ = {
			isa = PBXReferenceProxy;
			fileType = wrapper.framework;
			path = IVDevTools.framework;
			remoteRef = EAF055B223CC233200432559 /* PBXContainerItemProxy */;
			sourceTree = BUILT_PRODUCTS_DIR;
		};
		EAF055B523CC233200432559 /* Resource.bundle */ = {
			isa = PBXReferenceProxy;
			fileType = wrapper.cfbundle;
			path = Resource.bundle;
			remoteRef = EAF055B423CC233200432559 /* PBXContainerItemProxy */;
			sourceTree = BUILT_PRODUCTS_DIR;
		};
/* End PBXReferenceProxy section */

/* Begin PBXResourcesBuildPhase section */
		D5C7222B23839B9600585D33 /* Resources */ = {
			isa = PBXResourcesBuildPhase;
			buildActionMask = 2147483647;
			files = (
				EAF055FE23CC237300432559 /* Assets.xcassets in Resources */,
				EAE34C64241B1C1800865A8A /* IVLivePlayer.storyboard in Resources */,
				EAF0560C23CC237300432559 /* LaunchScreen.storyboard in Resources */,
				EAE34C59241B1C1800865A8A /* IVCloudStorage.storyboard in Resources */,
				EAE34CB4241B1C4800865A8A /* IVDeviceMgr.storyboard in Resources */,
				EAE34CB7241B1C4800865A8A /* IVAddDevice.storyboard in Resources */,
				EAE34CB2241B1C4800865A8A /* IVMain.storyboard in Resources */,
				D54C7E91241B9BA3000A65C9 /* IVAccount.storyboard in Resources */,
				EAE34C6B241B1C1800865A8A /* IVMsgOta.storyboard in Resources */,
				EAE34CB3241B1C4800865A8A /* IVAILab.storyboard in Resources */,
				EAE34C66241B1C1800865A8A /* IVPlaybackPlayer.storyboard in Resources */,
				EAE34C70241B1C1800865A8A /* IVMsgGet.storyboard in Resources */,
				EAE34C6D241B1C1800865A8A /* IVMsgSet.storyboard in Resources */,
				EAE34C5D241B1C1800865A8A /* IVDeviceShare.storyboard in Resources */,
				EAE34C65241B1C1800865A8A /* IVMonitorPlayer.storyboard in Resources */,
				EAE34CAE241B1C4800865A8A /* IVLogin.storyboard in Resources */,
			);
			runOnlyForDeploymentPostprocessing = 0;
		};
/* End PBXResourcesBuildPhase section */

/* Begin PBXShellScriptBuildPhase section */
		C53BD107E257598E6622F0B7 /* [CP] Check Pods Manifest.lock */ = {
			isa = PBXShellScriptBuildPhase;
			buildActionMask = 2147483647;
			files = (
			);
			inputFileListPaths = (
			);
			inputPaths = (
				"${PODS_PODFILE_DIR_PATH}/Podfile.lock",
				"${PODS_ROOT}/Manifest.lock",
			);
			name = "[CP] Check Pods Manifest.lock";
			outputFileListPaths = (
			);
			outputPaths = (
				"$(DERIVED_FILE_DIR)/Pods-IotVideoDemo-checkManifestLockResult.txt",
			);
			runOnlyForDeploymentPostprocessing = 0;
			shellPath = /bin/sh;
			shellScript = "diff \"${PODS_PODFILE_DIR_PATH}/Podfile.lock\" \"${PODS_ROOT}/Manifest.lock\" > /dev/null\nif [ $? != 0 ] ; then\n    # print error to STDERR\n    echo \"error: The sandbox is not in sync with the Podfile.lock. Run 'pod install' or update your CocoaPods installation.\" >&2\n    exit 1\nfi\n# This output is used by Xcode 'outputs' to avoid re-running this script phase.\necho \"SUCCESS\" > \"${SCRIPT_OUTPUT_FILE_0}\"\n";
			showEnvVarsInLog = 0;
		};
		E4F634524BCE9D1D9E66B1A7 /* [CP] Embed Pods Frameworks */ = {
			isa = PBXShellScriptBuildPhase;
			buildActionMask = 2147483647;
			files = (
			);
			inputFileListPaths = (
				"${PODS_ROOT}/Target Support Files/Pods-IotVideoDemo/Pods-IotVideoDemo-frameworks-${CONFIGURATION}-input-files.xcfilelist",
			);
			name = "[CP] Embed Pods Frameworks";
			outputFileListPaths = (
				"${PODS_ROOT}/Target Support Files/Pods-IotVideoDemo/Pods-IotVideoDemo-frameworks-${CONFIGURATION}-output-files.xcfilelist",
			);
			runOnlyForDeploymentPostprocessing = 0;
			shellPath = /bin/sh;
			shellScript = "\"${PODS_ROOT}/Target Support Files/Pods-IotVideoDemo/Pods-IotVideoDemo-frameworks.sh\"\n";
			showEnvVarsInLog = 0;
		};
/* End PBXShellScriptBuildPhase section */

/* Begin PBXSourcesBuildPhase section */
		D5C7222923839B9600585D33 /* Sources */ = {
			isa = PBXSourcesBuildPhase;
			buildActionMask = 2147483647;
			files = (
				EAE34CB0241B1C4800865A8A /* IVTencentNetworkAPI.swift in Sources */,
				EAE34C82241B1C1800865A8A /* IVLoginConst.swift in Sources */,
				EAE34C80241B1C1800865A8A /* IVJson.swift in Sources */,
				EAE34C56241B1C1800865A8A /* IVQRCodeAddDevice.swift in Sources */,
				EAE34C55241B1C1800865A8A /* IVDevice.swift in Sources */,
				EAE34C6C241B1C1800865A8A /* IVMsgSetVC.swift in Sources */,
				EAE34C5E241B1C1800865A8A /* IVShareDeviceByQRCodeVC.swift in Sources */,
				EAE34C5B241B1C1800865A8A /* IVSharedListVC.swift in Sources */,
				EAE34CAC241B1C4800865A8A /* IVDeviceListViewController.swift in Sources */,
				EAE34C67241B1C1800865A8A /* IJKMediaViewController.swift in Sources */,
				EAE34C71241B1C1800865A8A /* IVNavigationViewController.swift in Sources */,
				EAE34C89241B1C1900865A8A /* IVCrypto.swift in Sources */,
				EAE34C83241B1C1800865A8A /* IVApiFormatTest.m in Sources */,
				EAE34C7F241B1C1800865A8A /* IVKeychain.swift in Sources */,
				EAE34C61241B1C1800865A8A /* IVQRCodeCreateVC.swift in Sources */,
				EAE34C60241B1C1800865A8A /* IVShareDeviceByAccountVC.swift in Sources */,
				EAF0562823CC237300432559 /* AppDelegate.swift in Sources */,
				EAE34CAF241B1C4800865A8A /* IVDeviceMgrViewController.swift in Sources */,
				EAE34C68241B1C1800865A8A /* IVDevicePlayerViewController.swift in Sources */,
				EAE34C6E241B1C1800865A8A /* IVMsgOtaVC.swift in Sources */,
				EAE34C84241B1C1900865A8A /* UIDevice.swift in Sources */,
				EAE34CAD241B1C4800865A8A /* IVAccountViewController.swift in Sources */,
				EAE34C85241B1C1900865A8A /* Foundation.swift in Sources */,
				EAE34C5C241B1C1800865A8A /* IVShareDeviceTableViewController.swift in Sources */,
				EAE34C86241B1C1900865A8A /* IVTimelineView.swift in Sources */,
				EAE34C5F241B1C1800865A8A /* IVQRcodeScanVC.swift in Sources */,
				EAE34C88241B1C1900865A8A /* IVApiFormatTest.swift in Sources */,
				EAE34C87241B1C1900865A8A /* IVLogger.swift in Sources */,
				EAE34C7E241B1C1800865A8A /* UIColor.swift in Sources */,
				EAE34C81241B1C1800865A8A /* IVHudAlert.swift in Sources */,
				EAE34C63241B1C1800865A8A /* IVPlaybackViewController.swift in Sources */,
				EAE34C7D241B1C1800865A8A /* IVPopupView.swift in Sources */,
				EAE34C58241B1C1800865A8A /* IVVASGetPlaybackListVC.swift in Sources */,
				EAE34C57241B1C1800865A8A /* IVVASBuyVC.swift in Sources */,
				EAE34CB1241B1C4800865A8A /* IVTencentNetwork.swift in Sources */,
				EAE34C8A241B1C1900865A8A /* UIControl.swift in Sources */,
				EAE34C5A241B1C1800865A8A /* IVLANDeviceTableVC.swift in Sources */,
				EAE34C6F241B1C1800865A8A /* IVMsgGetVC.swift in Sources */,
				EAE34CB6241B1C4800865A8A /* IVLoginViewController.swift in Sources */,
				EAE34C69241B1C1800865A8A /* IVMonitorViewController.swift in Sources */,
				EAE34C62241B1C1800865A8A /* IVLiveViewController.swift in Sources */,
			);
			runOnlyForDeploymentPostprocessing = 0;
		};
/* End PBXSourcesBuildPhase section */

/* Begin PBXVariantGroup section */
		EAF055CB23CC237300432559 /* LaunchScreen.storyboard */ = {
			isa = PBXVariantGroup;
			children = (
				EAF055CC23CC237300432559 /* Base */,
			);
			name = LaunchScreen.storyboard;
			sourceTree = "<group>";
		};
/* End PBXVariantGroup section */

/* Begin XCBuildConfiguration section */
		D5C7223D23839B9700585D33 /* Debug */ = {
			isa = XCBuildConfiguration;
			buildSettings = {
				ALWAYS_SEARCH_USER_PATHS = NO;
				CLANG_ANALYZER_NONNULL = YES;
				CLANG_ANALYZER_NUMBER_OBJECT_CONVERSION = YES_AGGRESSIVE;
				CLANG_CXX_LANGUAGE_STANDARD = "gnu++14";
				CLANG_CXX_LIBRARY = "libc++";
				CLANG_ENABLE_MODULES = YES;
				CLANG_ENABLE_OBJC_ARC = YES;
				CLANG_ENABLE_OBJC_WEAK = YES;
				CLANG_WARN_BLOCK_CAPTURE_AUTORELEASING = YES;
				CLANG_WARN_BOOL_CONVERSION = YES;
				CLANG_WARN_COMMA = YES;
				CLANG_WARN_CONSTANT_CONVERSION = YES;
				CLANG_WARN_DEPRECATED_OBJC_IMPLEMENTATIONS = YES;
				CLANG_WARN_DIRECT_OBJC_ISA_USAGE = YES_ERROR;
				CLANG_WARN_DOCUMENTATION_COMMENTS = YES;
				CLANG_WARN_EMPTY_BODY = YES;
				CLANG_WARN_ENUM_CONVERSION = YES;
				CLANG_WARN_INFINITE_RECURSION = YES;
				CLANG_WARN_INT_CONVERSION = YES;
				CLANG_WARN_NON_LITERAL_NULL_CONVERSION = YES;
				CLANG_WARN_OBJC_IMPLICIT_RETAIN_SELF = YES;
				CLANG_WARN_OBJC_LITERAL_CONVERSION = YES;
				CLANG_WARN_OBJC_ROOT_CLASS = YES_ERROR;
				CLANG_WARN_RANGE_LOOP_ANALYSIS = YES;
				CLANG_WARN_STRICT_PROTOTYPES = YES;
				CLANG_WARN_SUSPICIOUS_MOVE = YES;
				CLANG_WARN_UNGUARDED_AVAILABILITY = YES_AGGRESSIVE;
				CLANG_WARN_UNREACHABLE_CODE = YES;
				CLANG_WARN__DUPLICATE_METHOD_MATCH = YES;
				CODE_SIGN_IDENTITY = "iPhone Developer";
				COPY_PHASE_STRIP = NO;
				DEBUG_INFORMATION_FORMAT = dwarf;
				ENABLE_STRICT_OBJC_MSGSEND = YES;
				ENABLE_TESTABILITY = YES;
				GCC_C_LANGUAGE_STANDARD = gnu11;
				GCC_DYNAMIC_NO_PIC = NO;
				GCC_NO_COMMON_BLOCKS = YES;
				GCC_OPTIMIZATION_LEVEL = 0;
				GCC_PREPROCESSOR_DEFINITIONS = (
					"DEBUG=1",
					"$(inherited)",
				);
				GCC_WARN_64_TO_32_BIT_CONVERSION = YES;
				GCC_WARN_ABOUT_RETURN_TYPE = YES_ERROR;
				GCC_WARN_UNDECLARED_SELECTOR = YES;
				GCC_WARN_UNINITIALIZED_AUTOS = YES_AGGRESSIVE;
				GCC_WARN_UNUSED_FUNCTION = YES;
				GCC_WARN_UNUSED_VARIABLE = YES;
				IPHONEOS_DEPLOYMENT_TARGET = 9.0;
				MTL_ENABLE_DEBUG_INFO = INCLUDE_SOURCE;
				MTL_FAST_MATH = YES;
				ONLY_ACTIVE_ARCH = YES;
				SDKROOT = iphoneos;
				SWIFT_ACTIVE_COMPILATION_CONDITIONS = DEBUG;
				SWIFT_OPTIMIZATION_LEVEL = "-Onone";
			};
			name = Debug;
		};
		D5C7223E23839B9700585D33 /* Release */ = {
			isa = XCBuildConfiguration;
			buildSettings = {
				ALWAYS_SEARCH_USER_PATHS = NO;
				CLANG_ANALYZER_NONNULL = YES;
				CLANG_ANALYZER_NUMBER_OBJECT_CONVERSION = YES_AGGRESSIVE;
				CLANG_CXX_LANGUAGE_STANDARD = "gnu++14";
				CLANG_CXX_LIBRARY = "libc++";
				CLANG_ENABLE_MODULES = YES;
				CLANG_ENABLE_OBJC_ARC = YES;
				CLANG_ENABLE_OBJC_WEAK = YES;
				CLANG_WARN_BLOCK_CAPTURE_AUTORELEASING = YES;
				CLANG_WARN_BOOL_CONVERSION = YES;
				CLANG_WARN_COMMA = YES;
				CLANG_WARN_CONSTANT_CONVERSION = YES;
				CLANG_WARN_DEPRECATED_OBJC_IMPLEMENTATIONS = YES;
				CLANG_WARN_DIRECT_OBJC_ISA_USAGE = YES_ERROR;
				CLANG_WARN_DOCUMENTATION_COMMENTS = YES;
				CLANG_WARN_EMPTY_BODY = YES;
				CLANG_WARN_ENUM_CONVERSION = YES;
				CLANG_WARN_INFINITE_RECURSION = YES;
				CLANG_WARN_INT_CONVERSION = YES;
				CLANG_WARN_NON_LITERAL_NULL_CONVERSION = YES;
				CLANG_WARN_OBJC_IMPLICIT_RETAIN_SELF = YES;
				CLANG_WARN_OBJC_LITERAL_CONVERSION = YES;
				CLANG_WARN_OBJC_ROOT_CLASS = YES_ERROR;
				CLANG_WARN_RANGE_LOOP_ANALYSIS = YES;
				CLANG_WARN_STRICT_PROTOTYPES = YES;
				CLANG_WARN_SUSPICIOUS_MOVE = YES;
				CLANG_WARN_UNGUARDED_AVAILABILITY = YES_AGGRESSIVE;
				CLANG_WARN_UNREACHABLE_CODE = YES;
				CLANG_WARN__DUPLICATE_METHOD_MATCH = YES;
				CODE_SIGN_IDENTITY = "iPhone Developer";
				COPY_PHASE_STRIP = NO;
				DEBUG_INFORMATION_FORMAT = "dwarf-with-dsym";
				ENABLE_NS_ASSERTIONS = NO;
				ENABLE_STRICT_OBJC_MSGSEND = YES;
				GCC_C_LANGUAGE_STANDARD = gnu11;
				GCC_NO_COMMON_BLOCKS = YES;
				GCC_WARN_64_TO_32_BIT_CONVERSION = YES;
				GCC_WARN_ABOUT_RETURN_TYPE = YES_ERROR;
				GCC_WARN_UNDECLARED_SELECTOR = YES;
				GCC_WARN_UNINITIALIZED_AUTOS = YES_AGGRESSIVE;
				GCC_WARN_UNUSED_FUNCTION = YES;
				GCC_WARN_UNUSED_VARIABLE = YES;
				IPHONEOS_DEPLOYMENT_TARGET = 9.0;
				MTL_ENABLE_DEBUG_INFO = NO;
				MTL_FAST_MATH = YES;
				SDKROOT = iphoneos;
				SWIFT_COMPILATION_MODE = wholemodule;
				SWIFT_OPTIMIZATION_LEVEL = "-O";
				VALIDATE_PRODUCT = YES;
			};
			name = Release;
		};
		D5C7224023839B9700585D33 /* Debug */ = {
			isa = XCBuildConfiguration;
			baseConfigurationReference = DD572BAB8010505F98B3D510 /* Pods-IotVideoDemo.debug.xcconfig */;
			buildSettings = {
				ASSETCATALOG_COMPILER_APPICON_NAME = AppIcon;
				CLANG_ENABLE_MODULES = YES;
				CODE_SIGN_IDENTITY = "iPhone Developer";
				CODE_SIGN_STYLE = Manual;
				CURRENT_PROJECT_VERSION = 11;
				DEBUG_INFORMATION_FORMAT = "dwarf-with-dsym";
				DEFINES_MODULE = YES;
				DEVELOPMENT_TEAM = C3MLE46F3M;
				ENABLE_BITCODE = NO;
				FRAMEWORK_SEARCH_PATHS = (
					"$(inherited)",
					"$(PROJECT_DIR)",
					"$(SRCROOT)/../../SDK/Frameworks",
					"$(PROJECT_DIR)/IotVideoDemo",
					"$(USER_LIBRARY_DIR)/Mobile\\ Documents/com~apple~CloudDocs/IotVideo/SDK/Frameworks",
				);
				"GCC_PREPROCESSOR_DEFINITIONS[arch=*]" = (
					"$(inherited)",
					"COCOAPODS=1",
				);
				INFOPLIST_FILE = "$(SRCROOT)/IotVideoDemo/Targets/TX/Info.plist";
				IPHONEOS_DEPLOYMENT_TARGET = 9.0;
				LD_RUNPATH_SEARCH_PATHS = (
					"$(inherited)",
					"@executable_path/Frameworks",
				);
				MARKETING_VERSION = 1.0;
				PRODUCT_BUNDLE_IDENTIFIER = com.tencentcs.IotVideoDemo;
				PRODUCT_NAME = IotVideoDemo;
				PROVISIONING_PROFILE_SPECIFIER = IotVideoDemo_Debug;
				SWIFT_OBJC_BRIDGING_HEADER = "$(SRCROOT)/IotVideoDemo/IotVideoDemo-Bridging-Header.h";
				SWIFT_OPTIMIZATION_LEVEL = "-Onone";
				SWIFT_VERSION = 5.0;
				TARGETED_DEVICE_FAMILY = "1,2";
			};
			name = Debug;
		};
		D5C7224123839B9700585D33 /* Release */ = {
			isa = XCBuildConfiguration;
			baseConfigurationReference = ECF63F18C2CB6B85B6DBE5A7 /* Pods-IotVideoDemo.release.xcconfig */;
			buildSettings = {
				ASSETCATALOG_COMPILER_APPICON_NAME = AppIcon;
				CLANG_ENABLE_MODULES = YES;
				CODE_SIGN_IDENTITY = "iPhone Developer";
				CODE_SIGN_STYLE = Manual;
				CURRENT_PROJECT_VERSION = 11;
				DEFINES_MODULE = YES;
				DEVELOPMENT_TEAM = C3MLE46F3M;
				ENABLE_BITCODE = NO;
				FRAMEWORK_SEARCH_PATHS = (
					"$(inherited)",
					"$(PROJECT_DIR)",
					"$(SRCROOT)/../../SDK/Frameworks",
					"$(PROJECT_DIR)/IotVideoDemo",
					"$(USER_LIBRARY_DIR)/Mobile\\ Documents/com~apple~CloudDocs/IotVideo/SDK/Frameworks",
				);
				INFOPLIST_FILE = "$(SRCROOT)/IotVideoDemo/Targets/TX/Info.plist";
				IPHONEOS_DEPLOYMENT_TARGET = 9.0;
				LD_RUNPATH_SEARCH_PATHS = (
					"$(inherited)",
					"@executable_path/Frameworks",
				);
				MARKETING_VERSION = 1.0;
				PRODUCT_BUNDLE_IDENTIFIER = com.tencentcs.IotVideoDemo;
				PRODUCT_NAME = IotVideoDemo;
				PROVISIONING_PROFILE_SPECIFIER = IotVideoDemo_Debug;
				SWIFT_OBJC_BRIDGING_HEADER = "$(SRCROOT)/IotVideoDemo/IotVideoDemo-Bridging-Header.h";
				SWIFT_VERSION = 5.0;
				TARGETED_DEVICE_FAMILY = "1,2";
			};
			name = Release;
		};
/* End XCBuildConfiguration section */

/* Begin XCConfigurationList section */
		D5C7222823839B9600585D33 /* Build configuration list for PBXProject "IotVideoDemo" */ = {
			isa = XCConfigurationList;
			buildConfigurations = (
				D5C7223D23839B9700585D33 /* Debug */,
				D5C7223E23839B9700585D33 /* Release */,
			);
			defaultConfigurationIsVisible = 0;
			defaultConfigurationName = Release;
		};
		D5C7223F23839B9700585D33 /* Build configuration list for PBXNativeTarget "IotVideoDemo" */ = {
			isa = XCConfigurationList;
			buildConfigurations = (
				D5C7224023839B9700585D33 /* Debug */,
				D5C7224123839B9700585D33 /* Release */,
			);
			defaultConfigurationIsVisible = 0;
			defaultConfigurationName = Release;
		};
/* End XCConfigurationList section */
	};
	rootObject = D5C7222523839B9600585D33 /* Project object */;
}
