// !$*UTF8*$!
{
	archiveVersion = 1;
	classes = {
	};
	objectVersion = 51;
	objects = {

/* Begin PBXBuildFile section */
		992021D42435DD4400536D2C /* IVVAS.framework in Frameworks */ = {isa = PBXBuildFile; fileRef = 992021D12435DB2D00536D2C /* IVVAS.framework */; };
		992021D52435DD4400536D2C /* IVVAS.framework in Embed Frameworks */ = {isa = PBXBuildFile; fileRef = 992021D12435DB2D00536D2C /* IVVAS.framework */; settings = {ATTRIBUTES = (CodeSignOnCopy, RemoveHeadersOnCopy, ); }; };
		9B3DA75C9528BB7110B59A1E /* Pods_IotVideoDemo.framework in Frameworks */ = {isa = PBXBuildFile; fileRef = 2F2057A9D56E920A4E39BA18 /* Pods_IotVideoDemo.framework */; };
		D59BF32223A27B1E007270B1 /* WoodPeckeriOS.framework in Frameworks */ = {isa = PBXBuildFile; fileRef = D59BF32023A27B14007270B1 /* WoodPeckeriOS.framework */; };
		D59BF32323A27B1E007270B1 /* WoodPeckeriOS.framework in Embed Frameworks */ = {isa = PBXBuildFile; fileRef = D59BF32023A27B14007270B1 /* WoodPeckeriOS.framework */; settings = {ATTRIBUTES = (CodeSignOnCopy, RemoveHeadersOnCopy, ); }; };
		D5E4B3E523975C7200DDA80A /* AudioToolbox.framework in Frameworks */ = {isa = PBXBuildFile; fileRef = D5E4B3E423975C7200DDA80A /* AudioToolbox.framework */; };
		D5E4B3E723975C7A00DDA80A /* CoreMedia.framework in Frameworks */ = {isa = PBXBuildFile; fileRef = D5E4B3E623975C7A00DDA80A /* CoreMedia.framework */; };
		D5E4B3E923975C8600DDA80A /* VideoToolbox.framework in Frameworks */ = {isa = PBXBuildFile; fileRef = D5E4B3E823975C8600DDA80A /* VideoToolbox.framework */; };
		EA6BB0432434A1E8002EE591 /* IVCloudStorages.storyboard in Resources */ = {isa = PBXBuildFile; fileRef = EA6BB0302434A1E8002EE591 /* IVCloudStorages.storyboard */; };
		EA6BB0442434A1E8002EE591 /* IVDeviceListViewController.swift in Sources */ = {isa = PBXBuildFile; fileRef = EA6BB0312434A1E8002EE591 /* IVDeviceListViewController.swift */; };
		EA6BB0452434A1E8002EE591 /* IVAccountViewController.swift in Sources */ = {isa = PBXBuildFile; fileRef = EA6BB0322434A1E8002EE591 /* IVAccountViewController.swift */; };
		EA6BB0462434A1E8002EE591 /* IVCloudStorageViewController.swift in Sources */ = {isa = PBXBuildFile; fileRef = EA6BB0332434A1E8002EE591 /* IVCloudStorageViewController.swift */; };
		EA6BB0472434A1E8002EE591 /* IVLogin.storyboard in Resources */ = {isa = PBXBuildFile; fileRef = EA6BB0342434A1E8002EE591 /* IVLogin.storyboard */; };
		EA6BB0482434A1E8002EE591 /* IVDeviceMgrViewController.swift in Sources */ = {isa = PBXBuildFile; fileRef = EA6BB0352434A1E8002EE591 /* IVDeviceMgrViewController.swift */; };
		EA6BB0492434A1E8002EE591 /* IVTencentNetworkAPI.swift in Sources */ = {isa = PBXBuildFile; fileRef = EA6BB0372434A1E8002EE591 /* IVTencentNetworkAPI.swift */; };
		EA6BB04A2434A1E8002EE591 /* IVTencentNetwork.swift in Sources */ = {isa = PBXBuildFile; fileRef = EA6BB0382434A1E8002EE591 /* IVTencentNetwork.swift */; };
		EA6BB04B2434A1E8002EE591 /* IVDemoNetwork.swift in Sources */ = {isa = PBXBuildFile; fileRef = EA6BB0392434A1E8002EE591 /* IVDemoNetwork.swift */; };
		EA6BB04C2434A1E8002EE591 /* Logo.xcassets in Resources */ = {isa = PBXBuildFile; fileRef = EA6BB03A2434A1E8002EE591 /* Logo.xcassets */; };
		EA6BB04D2434A1E8002EE591 /* IVCloudStorage.storyboard in Resources */ = {isa = PBXBuildFile; fileRef = EA6BB03B2434A1E8002EE591 /* IVCloudStorage.storyboard */; };
		EA6BB04E2434A1E8002EE591 /* IVMain.storyboard in Resources */ = {isa = PBXBuildFile; fileRef = EA6BB03C2434A1E8002EE591 /* IVMain.storyboard */; };
		EA6BB04F2434A1E8002EE591 /* IVAccount.storyboard in Resources */ = {isa = PBXBuildFile; fileRef = EA6BB03D2434A1E8002EE591 /* IVAccount.storyboard */; };
		EA6BB0502434A1E8002EE591 /* IVAILab.storyboard in Resources */ = {isa = PBXBuildFile; fileRef = EA6BB03E2434A1E8002EE591 /* IVAILab.storyboard */; };
		EA6BB0512434A1E8002EE591 /* IVDeviceShareViewController.swift in Sources */ = {isa = PBXBuildFile; fileRef = EA6BB03F2434A1E8002EE591 /* IVDeviceShareViewController.swift */; };
		EA6BB0522434A1E8002EE591 /* IVDeviceMgr.storyboard in Resources */ = {isa = PBXBuildFile; fileRef = EA6BB0402434A1E8002EE591 /* IVDeviceMgr.storyboard */; };
		EA6BB0542434A1E8002EE591 /* IVLoginViewController.swift in Sources */ = {isa = PBXBuildFile; fileRef = EA6BB0422434A1E8002EE591 /* IVLoginViewController.swift */; };
		EA6BB05A2434A233002EE591 /* IVMsgOta.storyboard in Resources */ = {isa = PBXBuildFile; fileRef = EA6BB0562434A233002EE591 /* IVMsgOta.storyboard */; };
		EA6BB05B2434A233002EE591 /* IVMsgVC.swift in Sources */ = {isa = PBXBuildFile; fileRef = EA6BB0572434A233002EE591 /* IVMsgVC.swift */; };
		EA6BB05C2434A233002EE591 /* IVMsg.storyboard in Resources */ = {isa = PBXBuildFile; fileRef = EA6BB0582434A233002EE591 /* IVMsg.storyboard */; };
		EA6BB05D2434A233002EE591 /* IVMsgOtaVC.swift in Sources */ = {isa = PBXBuildFile; fileRef = EA6BB0592434A233002EE591 /* IVMsgOtaVC.swift */; };
		EA6BB07B2434A24D002EE591 /* IVPopupView.swift in Sources */ = {isa = PBXBuildFile; fileRef = EA6BB05F2434A24D002EE591 /* IVPopupView.swift */; };
		EA6BB07C2434A24D002EE591 /* UIColor.swift in Sources */ = {isa = PBXBuildFile; fileRef = EA6BB0602434A24D002EE591 /* UIColor.swift */; };
		EA6BB07D2434A24D002EE591 /* IVKeychain.swift in Sources */ = {isa = PBXBuildFile; fileRef = EA6BB0612434A24D002EE591 /* IVKeychain.swift */; };
		EA6BB07E2434A24D002EE591 /* IVJson.swift in Sources */ = {isa = PBXBuildFile; fileRef = EA6BB0622434A24D002EE591 /* IVJson.swift */; };
		EA6BB07F2434A24D002EE591 /* IVHudAlert.swift in Sources */ = {isa = PBXBuildFile; fileRef = EA6BB0632434A24D002EE591 /* IVHudAlert.swift */; };
		EA6BB0802434A24D002EE591 /* IVLoginConst.swift in Sources */ = {isa = PBXBuildFile; fileRef = EA6BB0642434A24D002EE591 /* IVLoginConst.swift */; };
		EA6BB0812434A24D002EE591 /* UIDevice.swift in Sources */ = {isa = PBXBuildFile; fileRef = EA6BB0652434A24D002EE591 /* UIDevice.swift */; };
		EA6BB0822434A24D002EE591 /* Foundation.swift in Sources */ = {isa = PBXBuildFile; fileRef = EA6BB0662434A24D002EE591 /* Foundation.swift */; };
		EA6BB0832434A24D002EE591 /* IVTimelineView.swift in Sources */ = {isa = PBXBuildFile; fileRef = EA6BB0672434A24D002EE591 /* IVTimelineView.swift */; };
		EA6BB0842434A24D002EE591 /* IVLogger.swift in Sources */ = {isa = PBXBuildFile; fileRef = EA6BB0682434A24D002EE591 /* IVLogger.swift */; };
		EA6BB0852434A24D002EE591 /* IVApiFormatTest.swift in Sources */ = {isa = PBXBuildFile; fileRef = EA6BB0692434A24D002EE591 /* IVApiFormatTest.swift */; };
		EA6BB0862434A24D002EE591 /* IVCrypto.swift in Sources */ = {isa = PBXBuildFile; fileRef = EA6BB06A2434A24D002EE591 /* IVCrypto.swift */; };
		EA6BB0872434A24D002EE591 /* UIControl.swift in Sources */ = {isa = PBXBuildFile; fileRef = EA6BB06B2434A24D002EE591 /* UIControl.swift */; };
		EA6BB0882434A24D002EE591 /* IVDevice.swift in Sources */ = {isa = PBXBuildFile; fileRef = EA6BB06D2434A24D002EE591 /* IVDevice.swift */; };
		EA6BB0892434A24D002EE591 /* IVQRCodeAddDevice.swift in Sources */ = {isa = PBXBuildFile; fileRef = EA6BB06E2434A24D002EE591 /* IVQRCodeAddDevice.swift */; };
		EA6BB08A2434A24D002EE591 /* IVLANDeviceTableVC.swift in Sources */ = {isa = PBXBuildFile; fileRef = EA6BB06F2434A24D002EE591 /* IVLANDeviceTableVC.swift */; };
		EA6BB08B2434A24D002EE591 /* IVAddDevice.storyboard in Resources */ = {isa = PBXBuildFile; fileRef = EA6BB0702434A24D002EE591 /* IVAddDevice.storyboard */; };
		EA6BB08C2434A24D002EE591 /* IVLiveViewController.swift in Sources */ = {isa = PBXBuildFile; fileRef = EA6BB0722434A24D002EE591 /* IVLiveViewController.swift */; };
		EA6BB08D2434A24D002EE591 /* IVPlaybackViewController.swift in Sources */ = {isa = PBXBuildFile; fileRef = EA6BB0732434A24D002EE591 /* IVPlaybackViewController.swift */; };
		EA6BB08E2434A24D002EE591 /* IVLivePlayer.storyboard in Resources */ = {isa = PBXBuildFile; fileRef = EA6BB0742434A24D002EE591 /* IVLivePlayer.storyboard */; };
		EA6BB08F2434A24D002EE591 /* IVMonitorPlayer.storyboard in Resources */ = {isa = PBXBuildFile; fileRef = EA6BB0752434A24D002EE591 /* IVMonitorPlayer.storyboard */; };
		EA6BB0902434A24D002EE591 /* IVPlaybackPlayer.storyboard in Resources */ = {isa = PBXBuildFile; fileRef = EA6BB0762434A24D002EE591 /* IVPlaybackPlayer.storyboard */; };
		EA6BB0912434A24D002EE591 /* IJKMediaViewController.swift in Sources */ = {isa = PBXBuildFile; fileRef = EA6BB0772434A24D002EE591 /* IJKMediaViewController.swift */; };
		EA6BB0922434A24D002EE591 /* IVDevicePlayerViewController.swift in Sources */ = {isa = PBXBuildFile; fileRef = EA6BB0782434A24D002EE591 /* IVDevicePlayerViewController.swift */; };
		EA6BB0932434A24D002EE591 /* IVMonitorViewController.swift in Sources */ = {isa = PBXBuildFile; fileRef = EA6BB0792434A24D002EE591 /* IVMonitorViewController.swift */; };
		EA6BB0942434A24D002EE591 /* IJKMediaPlayer.storyboard in Resources */ = {isa = PBXBuildFile; fileRef = EA6BB07A2434A24D002EE591 /* IJKMediaPlayer.storyboard */; };
		EAB78DAA23CC3E81004B130E /* IVDevTools.framework in Frameworks */ = {isa = PBXBuildFile; fileRef = EAF055B323CC233200432559 /* IVDevTools.framework */; };
		EAB78DAB23CC3E81004B130E /* IVDevTools.framework in Embed Frameworks */ = {isa = PBXBuildFile; fileRef = EAF055B323CC233200432559 /* IVDevTools.framework */; settings = {ATTRIBUTES = (CodeSignOnCopy, RemoveHeadersOnCopy, ); }; };
		EAE34C71241B1C1800865A8A /* IVNavigationViewController.swift in Sources */ = {isa = PBXBuildFile; fileRef = EAE34C37241B1C1800865A8A /* IVNavigationViewController.swift */; };
		EAE59C4223BA320100808D31 /* IoTVideo.framework in Frameworks */ = {isa = PBXBuildFile; fileRef = EAE59C2E23BA31CA00808D31 /* IoTVideo.framework */; settings = {ATTRIBUTES = (Required, ); }; };
		EAE59C4323BA320100808D31 /* IoTVideo.framework in Embed Frameworks */ = {isa = PBXBuildFile; fileRef = EAE59C2E23BA31CA00808D31 /* IoTVideo.framework */; settings = {ATTRIBUTES = (CodeSignOnCopy, RemoveHeadersOnCopy, ); }; };
		EAF055FE23CC237300432559 /* Assets.xcassets in Resources */ = {isa = PBXBuildFile; fileRef = EAF055BB23CC237300432559 /* Assets.xcassets */; };
		EAF0560C23CC237300432559 /* LaunchScreen.storyboard in Resources */ = {isa = PBXBuildFile; fileRef = EAF055CB23CC237300432559 /* LaunchScreen.storyboard */; };
		EAF0562823CC237300432559 /* AppDelegate.swift in Sources */ = {isa = PBXBuildFile; fileRef = EAF055EF23CC237300432559 /* AppDelegate.swift */; };
		EAF0563F23CC274C00432559 /* IJKMediaFramework.framework in Frameworks */ = {isa = PBXBuildFile; fileRef = EAF0563D23CC273E00432559 /* IJKMediaFramework.framework */; };
		EAF0564023CC274C00432559 /* IJKMediaFramework.framework in Embed Frameworks */ = {isa = PBXBuildFile; fileRef = EAF0563D23CC273E00432559 /* IJKMediaFramework.framework */; settings = {ATTRIBUTES = (CodeSignOnCopy, RemoveHeadersOnCopy, ); }; };
/* End PBXBuildFile section */

/* Begin PBXContainerItemProxy section */
		EAF055B223CC233200432559 /* PBXContainerItemProxy */ = {
			isa = PBXContainerItemProxy;
			containerPortal = EAF055AD23CC233200432559 /* IVDevTools.xcodeproj */;
			proxyType = 2;
			remoteGlobalIDString = EA4B5AA1230B9C8B00A441D0;
			remoteInfo = IVDevTools;
		};
		EAF055B423CC233200432559 /* PBXContainerItemProxy */ = {
			isa = PBXContainerItemProxy;
			containerPortal = EAF055AD23CC233200432559 /* IVDevTools.xcodeproj */;
			proxyType = 2;
			remoteGlobalIDString = EAAA4759230E62AF001ADDB2;
			remoteInfo = Resource;
		};
/* End PBXContainerItemProxy section */

/* Begin PBXCopyFilesBuildPhase section */
		D5F22F9223A0C05D007C3A48 /* Embed Frameworks */ = {
			isa = PBXCopyFilesBuildPhase;
			buildActionMask = 2147483647;
			dstPath = "";
			dstSubfolderSpec = 10;
			files = (
				D59BF32323A27B1E007270B1 /* WoodPeckeriOS.framework in Embed Frameworks */,
				EAB78DAB23CC3E81004B130E /* IVDevTools.framework in Embed Frameworks */,
				992021D52435DD4400536D2C /* IVVAS.framework in Embed Frameworks */,
				EAF0564023CC274C00432559 /* IJKMediaFramework.framework in Embed Frameworks */,
				EAE59C4323BA320100808D31 /* IoTVideo.framework in Embed Frameworks */,
			);
			name = "Embed Frameworks";
			runOnlyForDeploymentPostprocessing = 0;
		};
/* End PBXCopyFilesBuildPhase section */

/* Begin PBXFileReference section */
		2160A463823060A34070D379 /* Pods-IotVideoTest.release.xcconfig */ = {isa = PBXFileReference; includeInIndex = 1; lastKnownFileType = text.xcconfig; name = "Pods-IotVideoTest.release.xcconfig"; path = "../../../Pods/Target Support Files/Pods-IotVideoTest/Pods-IotVideoTest.release.xcconfig"; sourceTree = "<group>"; };
		2F2057A9D56E920A4E39BA18 /* Pods_IotVideoDemo.framework */ = {isa = PBXFileReference; explicitFileType = wrapper.framework; includeInIndex = 0; path = Pods_IotVideoDemo.framework; sourceTree = BUILT_PRODUCTS_DIR; };
		8DF004ACBB39C6212BA81A65 /* Pods-IotVideoAccontMgrDemo.release.xcconfig */ = {isa = PBXFileReference; includeInIndex = 1; lastKnownFileType = text.xcconfig; name = "Pods-IotVideoAccontMgrDemo.release.xcconfig"; path = "Target Support Files/Pods-IotVideoAccontMgrDemo/Pods-IotVideoAccontMgrDemo.release.xcconfig"; sourceTree = "<group>"; };
		992021D12435DB2D00536D2C /* IVVAS.framework */ = {isa = PBXFileReference; lastKnownFileType = wrapper.framework; name = IVVAS.framework; path = ../../SDK/Frameworks/IVVAS.framework; sourceTree = "<group>"; };
		D59BF32023A27B14007270B1 /* WoodPeckeriOS.framework */ = {isa = PBXFileReference; lastKnownFileType = wrapper.framework; path = WoodPeckeriOS.framework; sourceTree = "<group>"; };
		D5C7222D23839B9600585D33 /* IotVideoDemo.app */ = {isa = PBXFileReference; explicitFileType = wrapper.application; includeInIndex = 0; path = IotVideoDemo.app; sourceTree = BUILT_PRODUCTS_DIR; };
		D5E4B3E423975C7200DDA80A /* AudioToolbox.framework */ = {isa = PBXFileReference; lastKnownFileType = wrapper.framework; name = AudioToolbox.framework; path = System/Library/Frameworks/AudioToolbox.framework; sourceTree = SDKROOT; };
		D5E4B3E623975C7A00DDA80A /* CoreMedia.framework */ = {isa = PBXFileReference; lastKnownFileType = wrapper.framework; name = CoreMedia.framework; path = System/Library/Frameworks/CoreMedia.framework; sourceTree = SDKROOT; };
		D5E4B3E823975C8600DDA80A /* VideoToolbox.framework */ = {isa = PBXFileReference; lastKnownFileType = wrapper.framework; name = VideoToolbox.framework; path = System/Library/Frameworks/VideoToolbox.framework; sourceTree = SDKROOT; };
		D5E4B3EA23975C8F00DDA80A /* libz.tbd */ = {isa = PBXFileReference; lastKnownFileType = "sourcecode.text-based-dylib-definition"; name = libz.tbd; path = usr/lib/libz.tbd; sourceTree = SDKROOT; };
		DACD94A089C77B105D17650E /* Pods-IotVideoAccontMgrDemo.debug.xcconfig */ = {isa = PBXFileReference; includeInIndex = 1; lastKnownFileType = text.xcconfig; name = "Pods-IotVideoAccontMgrDemo.debug.xcconfig"; path = "Target Support Files/Pods-IotVideoAccontMgrDemo/Pods-IotVideoAccontMgrDemo.debug.xcconfig"; sourceTree = "<group>"; };
		DD572BAB8010505F98B3D510 /* Pods-IotVideoDemo.debug.xcconfig */ = {isa = PBXFileReference; includeInIndex = 1; lastKnownFileType = text.xcconfig; name = "Pods-IotVideoDemo.debug.xcconfig"; path = "../../../Pods/Target Support Files/Pods-IotVideoDemo/Pods-IotVideoDemo.debug.xcconfig"; sourceTree = "<group>"; };
		EA6BB0302434A1E8002EE591 /* IVCloudStorages.storyboard */ = {isa = PBXFileReference; fileEncoding = 4; lastKnownFileType = file.storyboard; path = IVCloudStorages.storyboard; sourceTree = "<group>"; };
		EA6BB0312434A1E8002EE591 /* IVDeviceListViewController.swift */ = {isa = PBXFileReference; fileEncoding = 4; lastKnownFileType = sourcecode.swift; path = IVDeviceListViewController.swift; sourceTree = "<group>"; };
		EA6BB0322434A1E8002EE591 /* IVAccountViewController.swift */ = {isa = PBXFileReference; fileEncoding = 4; lastKnownFileType = sourcecode.swift; path = IVAccountViewController.swift; sourceTree = "<group>"; };
		EA6BB0332434A1E8002EE591 /* IVCloudStorageViewController.swift */ = {isa = PBXFileReference; fileEncoding = 4; lastKnownFileType = sourcecode.swift; path = IVCloudStorageViewController.swift; sourceTree = "<group>"; };
		EA6BB0342434A1E8002EE591 /* IVLogin.storyboard */ = {isa = PBXFileReference; fileEncoding = 4; lastKnownFileType = file.storyboard; path = IVLogin.storyboard; sourceTree = "<group>"; };
		EA6BB0352434A1E8002EE591 /* IVDeviceMgrViewController.swift */ = {isa = PBXFileReference; fileEncoding = 4; lastKnownFileType = sourcecode.swift; path = IVDeviceMgrViewController.swift; sourceTree = "<group>"; };
		EA6BB0372434A1E8002EE591 /* IVTencentNetworkAPI.swift */ = {isa = PBXFileReference; fileEncoding = 4; lastKnownFileType = sourcecode.swift; path = IVTencentNetworkAPI.swift; sourceTree = "<group>"; };
		EA6BB0382434A1E8002EE591 /* IVTencentNetwork.swift */ = {isa = PBXFileReference; fileEncoding = 4; lastKnownFileType = sourcecode.swift; path = IVTencentNetwork.swift; sourceTree = "<group>"; };
		EA6BB0392434A1E8002EE591 /* IVDemoNetwork.swift */ = {isa = PBXFileReference; fileEncoding = 4; lastKnownFileType = sourcecode.swift; path = IVDemoNetwork.swift; sourceTree = "<group>"; };
		EA6BB03A2434A1E8002EE591 /* Logo.xcassets */ = {isa = PBXFileReference; lastKnownFileType = folder.assetcatalog; path = Logo.xcassets; sourceTree = "<group>"; };
		EA6BB03B2434A1E8002EE591 /* IVCloudStorage.storyboard */ = {isa = PBXFileReference; fileEncoding = 4; lastKnownFileType = file.storyboard; path = IVCloudStorage.storyboard; sourceTree = "<group>"; };
		EA6BB03C2434A1E8002EE591 /* IVMain.storyboard */ = {isa = PBXFileReference; fileEncoding = 4; lastKnownFileType = file.storyboard; path = IVMain.storyboard; sourceTree = "<group>"; };
		EA6BB03D2434A1E8002EE591 /* IVAccount.storyboard */ = {isa = PBXFileReference; fileEncoding = 4; lastKnownFileType = file.storyboard; path = IVAccount.storyboard; sourceTree = "<group>"; };
		EA6BB03E2434A1E8002EE591 /* IVAILab.storyboard */ = {isa = PBXFileReference; fileEncoding = 4; lastKnownFileType = file.storyboard; path = IVAILab.storyboard; sourceTree = "<group>"; };
		EA6BB03F2434A1E8002EE591 /* IVDeviceShareViewController.swift */ = {isa = PBXFileReference; fileEncoding = 4; lastKnownFileType = sourcecode.swift; path = IVDeviceShareViewController.swift; sourceTree = "<group>"; };
		EA6BB0402434A1E8002EE591 /* IVDeviceMgr.storyboard */ = {isa = PBXFileReference; fileEncoding = 4; lastKnownFileType = file.storyboard; path = IVDeviceMgr.storyboard; sourceTree = "<group>"; };
		EA6BB0412434A1E8002EE591 /* Info.plist */ = {isa = PBXFileReference; fileEncoding = 4; lastKnownFileType = text.plist.xml; path = Info.plist; sourceTree = "<group>"; };
		EA6BB0422434A1E8002EE591 /* IVLoginViewController.swift */ = {isa = PBXFileReference; fileEncoding = 4; lastKnownFileType = sourcecode.swift; path = IVLoginViewController.swift; sourceTree = "<group>"; };
		EA6BB0562434A233002EE591 /* IVMsgOta.storyboard */ = {isa = PBXFileReference; fileEncoding = 4; lastKnownFileType = file.storyboard; path = IVMsgOta.storyboard; sourceTree = "<group>"; };
		EA6BB0572434A233002EE591 /* IVMsgVC.swift */ = {isa = PBXFileReference; fileEncoding = 4; lastKnownFileType = sourcecode.swift; path = IVMsgVC.swift; sourceTree = "<group>"; };
		EA6BB0582434A233002EE591 /* IVMsg.storyboard */ = {isa = PBXFileReference; fileEncoding = 4; lastKnownFileType = file.storyboard; path = IVMsg.storyboard; sourceTree = "<group>"; };
		EA6BB0592434A233002EE591 /* IVMsgOtaVC.swift */ = {isa = PBXFileReference; fileEncoding = 4; lastKnownFileType = sourcecode.swift; path = IVMsgOtaVC.swift; sourceTree = "<group>"; };
		EA6BB05F2434A24D002EE591 /* IVPopupView.swift */ = {isa = PBXFileReference; fileEncoding = 4; lastKnownFileType = sourcecode.swift; path = IVPopupView.swift; sourceTree = "<group>"; };
		EA6BB0602434A24D002EE591 /* UIColor.swift */ = {isa = PBXFileReference; fileEncoding = 4; lastKnownFileType = sourcecode.swift; path = UIColor.swift; sourceTree = "<group>"; };
		EA6BB0612434A24D002EE591 /* IVKeychain.swift */ = {isa = PBXFileReference; fileEncoding = 4; lastKnownFileType = sourcecode.swift; path = IVKeychain.swift; sourceTree = "<group>"; };
		EA6BB0622434A24D002EE591 /* IVJson.swift */ = {isa = PBXFileReference; fileEncoding = 4; lastKnownFileType = sourcecode.swift; path = IVJson.swift; sourceTree = "<group>"; };
		EA6BB0632434A24D002EE591 /* IVHudAlert.swift */ = {isa = PBXFileReference; fileEncoding = 4; lastKnownFileType = sourcecode.swift; path = IVHudAlert.swift; sourceTree = "<group>"; };
		EA6BB0642434A24D002EE591 /* IVLoginConst.swift */ = {isa = PBXFileReference; fileEncoding = 4; lastKnownFileType = sourcecode.swift; path = IVLoginConst.swift; sourceTree = "<group>"; };
		EA6BB0652434A24D002EE591 /* UIDevice.swift */ = {isa = PBXFileReference; fileEncoding = 4; lastKnownFileType = sourcecode.swift; path = UIDevice.swift; sourceTree = "<group>"; };
		EA6BB0662434A24D002EE591 /* Foundation.swift */ = {isa = PBXFileReference; fileEncoding = 4; lastKnownFileType = sourcecode.swift; path = Foundation.swift; sourceTree = "<group>"; };
		EA6BB0672434A24D002EE591 /* IVTimelineView.swift */ = {isa = PBXFileReference; fileEncoding = 4; lastKnownFileType = sourcecode.swift; path = IVTimelineView.swift; sourceTree = "<group>"; };
		EA6BB0682434A24D002EE591 /* IVLogger.swift */ = {isa = PBXFileReference; fileEncoding = 4; lastKnownFileType = sourcecode.swift; path = IVLogger.swift; sourceTree = "<group>"; };
		EA6BB0692434A24D002EE591 /* IVApiFormatTest.swift */ = {isa = PBXFileReference; fileEncoding = 4; lastKnownFileType = sourcecode.swift; path = IVApiFormatTest.swift; sourceTree = "<group>"; };
		EA6BB06A2434A24D002EE591 /* IVCrypto.swift */ = {isa = PBXFileReference; fileEncoding = 4; lastKnownFileType = sourcecode.swift; path = IVCrypto.swift; sourceTree = "<group>"; };
		EA6BB06B2434A24D002EE591 /* UIControl.swift */ = {isa = PBXFileReference; fileEncoding = 4; lastKnownFileType = sourcecode.swift; path = UIControl.swift; sourceTree = "<group>"; };
		EA6BB06D2434A24D002EE591 /* IVDevice.swift */ = {isa = PBXFileReference; fileEncoding = 4; lastKnownFileType = sourcecode.swift; path = IVDevice.swift; sourceTree = "<group>"; };
		EA6BB06E2434A24D002EE591 /* IVQRCodeAddDevice.swift */ = {isa = PBXFileReference; fileEncoding = 4; lastKnownFileType = sourcecode.swift; path = IVQRCodeAddDevice.swift; sourceTree = "<group>"; };
		EA6BB06F2434A24D002EE591 /* IVLANDeviceTableVC.swift */ = {isa = PBXFileReference; fileEncoding = 4; lastKnownFileType = sourcecode.swift; path = IVLANDeviceTableVC.swift; sourceTree = "<group>"; };
		EA6BB0702434A24D002EE591 /* IVAddDevice.storyboard */ = {isa = PBXFileReference; fileEncoding = 4; lastKnownFileType = file.storyboard; path = IVAddDevice.storyboard; sourceTree = "<group>"; };
		EA6BB0722434A24D002EE591 /* IVLiveViewController.swift */ = {isa = PBXFileReference; fileEncoding = 4; lastKnownFileType = sourcecode.swift; path = IVLiveViewController.swift; sourceTree = "<group>"; };
		EA6BB0732434A24D002EE591 /* IVPlaybackViewController.swift */ = {isa = PBXFileReference; fileEncoding = 4; lastKnownFileType = sourcecode.swift; path = IVPlaybackViewController.swift; sourceTree = "<group>"; };
		EA6BB0742434A24D002EE591 /* IVLivePlayer.storyboard */ = {isa = PBXFileReference; fileEncoding = 4; lastKnownFileType = file.storyboard; path = IVLivePlayer.storyboard; sourceTree = "<group>"; };
		EA6BB0752434A24D002EE591 /* IVMonitorPlayer.storyboard */ = {isa = PBXFileReference; fileEncoding = 4; lastKnownFileType = file.storyboard; path = IVMonitorPlayer.storyboard; sourceTree = "<group>"; };
		EA6BB0762434A24D002EE591 /* IVPlaybackPlayer.storyboard */ = {isa = PBXFileReference; fileEncoding = 4; lastKnownFileType = file.storyboard; path = IVPlaybackPlayer.storyboard; sourceTree = "<group>"; };
		EA6BB0772434A24D002EE591 /* IJKMediaViewController.swift */ = {isa = PBXFileReference; fileEncoding = 4; lastKnownFileType = sourcecode.swift; path = IJKMediaViewController.swift; sourceTree = "<group>"; };
		EA6BB0782434A24D002EE591 /* IVDevicePlayerViewController.swift */ = {isa = PBXFileReference; fileEncoding = 4; lastKnownFileType = sourcecode.swift; path = IVDevicePlayerViewController.swift; sourceTree = "<group>"; };
		EA6BB0792434A24D002EE591 /* IVMonitorViewController.swift */ = {isa = PBXFileReference; fileEncoding = 4; lastKnownFileType = sourcecode.swift; path = IVMonitorViewController.swift; sourceTree = "<group>"; };
		EA6BB07A2434A24D002EE591 /* IJKMediaPlayer.storyboard */ = {isa = PBXFileReference; fileEncoding = 4; lastKnownFileType = file.storyboard; path = IJKMediaPlayer.storyboard; sourceTree = "<group>"; };
		EAE34C37241B1C1800865A8A /* IVNavigationViewController.swift */ = {isa = PBXFileReference; fileEncoding = 4; lastKnownFileType = sourcecode.swift; path = IVNavigationViewController.swift; sourceTree = "<group>"; };
		EAE59C2E23BA31CA00808D31 /* IoTVideo.framework */ = {isa = PBXFileReference; lastKnownFileType = wrapper.framework; name = IoTVideo.framework; path = ../../SDK/Frameworks/IoTVideo.framework; sourceTree = "<group>"; };
		EAF055AD23CC233200432559 /* IVDevTools.xcodeproj */ = {isa = PBXFileReference; lastKnownFileType = "wrapper.pb-project"; name = IVDevTools.xcodeproj; path = IVDevTools/IVDevTools.xcodeproj; sourceTree = "<group>"; };
		EAF055B923CC237300432559 /* IotVideoDemo-Bridging-Header.h */ = {isa = PBXFileReference; fileEncoding = 4; lastKnownFileType = sourcecode.c.h; path = "IotVideoDemo-Bridging-Header.h"; sourceTree = "<group>"; };
		EAF055BA23CC237300432559 /* IotVideoDemo.entitlements */ = {isa = PBXFileReference; fileEncoding = 4; lastKnownFileType = text.plist.entitlements; path = IotVideoDemo.entitlements; sourceTree = "<group>"; };
		EAF055BB23CC237300432559 /* Assets.xcassets */ = {isa = PBXFileReference; lastKnownFileType = folder.assetcatalog; path = Assets.xcassets; sourceTree = "<group>"; };
		EAF055CC23CC237300432559 /* Base */ = {isa = PBXFileReference; lastKnownFileType = file.storyboard; name = Base; path = Base.lproj/LaunchScreen.storyboard; sourceTree = "<group>"; };
		EAF055EF23CC237300432559 /* AppDelegate.swift */ = {isa = PBXFileReference; fileEncoding = 4; lastKnownFileType = sourcecode.swift; path = AppDelegate.swift; sourceTree = "<group>"; };
		EAF0563D23CC273E00432559 /* IJKMediaFramework.framework */ = {isa = PBXFileReference; lastKnownFileType = wrapper.framework; name = IJKMediaFramework.framework; path = IotVideoDemo/IJKMediaFramework.framework; sourceTree = "<group>"; };
		ECF63F18C2CB6B85B6DBE5A7 /* Pods-IotVideoDemo.release.xcconfig */ = {isa = PBXFileReference; includeInIndex = 1; lastKnownFileType = text.xcconfig; name = "Pods-IotVideoDemo.release.xcconfig"; path = "../../../Pods/Target Support Files/Pods-IotVideoDemo/Pods-IotVideoDemo.release.xcconfig"; sourceTree = "<group>"; };
		F9AFCC166400017A1AEA0039 /* Pods-IotVideoTest.debug.xcconfig */ = {isa = PBXFileReference; includeInIndex = 1; lastKnownFileType = text.xcconfig; name = "Pods-IotVideoTest.debug.xcconfig"; path = "../../../Pods/Target Support Files/Pods-IotVideoTest/Pods-IotVideoTest.debug.xcconfig"; sourceTree = "<group>"; };
/* End PBXFileReference section */

/* Begin PBXFrameworksBuildPhase section */
		D5C7222A23839B9600585D33 /* Frameworks */ = {
			isa = PBXFrameworksBuildPhase;
			buildActionMask = 2147483647;
			files = (
				EAE59C4223BA320100808D31 /* IoTVideo.framework in Frameworks */,
				EAB78DAA23CC3E81004B130E /* IVDevTools.framework in Frameworks */,
				EAF0563F23CC274C00432559 /* IJKMediaFramework.framework in Frameworks */,
				D5E4B3E723975C7A00DDA80A /* CoreMedia.framework in Frameworks */,
				992021D42435DD4400536D2C /* IVVAS.framework in Frameworks */,
				D5E4B3E923975C8600DDA80A /* VideoToolbox.framework in Frameworks */,
				D59BF32223A27B1E007270B1 /* WoodPeckeriOS.framework in Frameworks */,
				D5E4B3E523975C7200DDA80A /* AudioToolbox.framework in Frameworks */,
				9B3DA75C9528BB7110B59A1E /* Pods_IotVideoDemo.framework in Frameworks */,
			);
			runOnlyForDeploymentPostprocessing = 0;
		};
/* End PBXFrameworksBuildPhase section */

/* Begin PBXGroup section */
		32412E4E8AB189944425730E /* Frameworks */ = {
			isa = PBXGroup;
			children = (
				992021D12435DB2D00536D2C /* IVVAS.framework */,
				EAF0563D23CC273E00432559 /* IJKMediaFramework.framework */,
				EAF055AD23CC233200432559 /* IVDevTools.xcodeproj */,
				EAE59C2E23BA31CA00808D31 /* IoTVideo.framework */,
				D5E4B3EA23975C8F00DDA80A /* libz.tbd */,
				D5E4B3E823975C8600DDA80A /* VideoToolbox.framework */,
				D5E4B3E623975C7A00DDA80A /* CoreMedia.framework */,
				D5E4B3E423975C7200DDA80A /* AudioToolbox.framework */,
				2F2057A9D56E920A4E39BA18 /* Pods_IotVideoDemo.framework */,
			);
			name = Frameworks;
			sourceTree = "<group>";
		};
		AA07CB14330DE4D2A5BF3121 /* Pods */ = {
			isa = PBXGroup;
			children = (
				DACD94A089C77B105D17650E /* Pods-IotVideoAccontMgrDemo.debug.xcconfig */,
				8DF004ACBB39C6212BA81A65 /* Pods-IotVideoAccontMgrDemo.release.xcconfig */,
				DD572BAB8010505F98B3D510 /* Pods-IotVideoDemo.debug.xcconfig */,
				ECF63F18C2CB6B85B6DBE5A7 /* Pods-IotVideoDemo.release.xcconfig */,
				F9AFCC166400017A1AEA0039 /* Pods-IotVideoTest.debug.xcconfig */,
				2160A463823060A34070D379 /* Pods-IotVideoTest.release.xcconfig */,
			);
			path = Pods;
			sourceTree = "<group>";
		};
		D5C7222423839B9600585D33 = {
			isa = PBXGroup;
			children = (
				D59BF32023A27B14007270B1 /* WoodPeckeriOS.framework */,
				EAF055B823CC237300432559 /* IotVideoDemo */,
				D5C7222E23839B9600585D33 /* Products */,
				AA07CB14330DE4D2A5BF3121 /* Pods */,
				32412E4E8AB189944425730E /* Frameworks */,
			);
			sourceTree = "<group>";
		};
		D5C7222E23839B9600585D33 /* Products */ = {
			isa = PBXGroup;
			children = (
				D5C7222D23839B9600585D33 /* IotVideoDemo.app */,
			);
			name = Products;
			sourceTree = "<group>";
		};
		EA6BB02F2434A1E8002EE591 /* TX */ = {
			isa = PBXGroup;
			children = (
				EA6BB0302434A1E8002EE591 /* IVCloudStorages.storyboard */,
				EA6BB0312434A1E8002EE591 /* IVDeviceListViewController.swift */,
				EA6BB0322434A1E8002EE591 /* IVAccountViewController.swift */,
				EA6BB0332434A1E8002EE591 /* IVCloudStorageViewController.swift */,
				EA6BB0342434A1E8002EE591 /* IVLogin.storyboard */,
				EA6BB0352434A1E8002EE591 /* IVDeviceMgrViewController.swift */,
				EA6BB0362434A1E8002EE591 /* Network */,
				EA6BB03A2434A1E8002EE591 /* Logo.xcassets */,
				EA6BB03B2434A1E8002EE591 /* IVCloudStorage.storyboard */,
				EA6BB03C2434A1E8002EE591 /* IVMain.storyboard */,
				EA6BB03D2434A1E8002EE591 /* IVAccount.storyboard */,
				EA6BB03E2434A1E8002EE591 /* IVAILab.storyboard */,
				EA6BB03F2434A1E8002EE591 /* IVDeviceShareViewController.swift */,
				EA6BB0402434A1E8002EE591 /* IVDeviceMgr.storyboard */,
				EA6BB0412434A1E8002EE591 /* Info.plist */,
				EA6BB0422434A1E8002EE591 /* IVLoginViewController.swift */,
			);
			path = TX;
			sourceTree = "<group>";
		};
		EA6BB0362434A1E8002EE591 /* Network */ = {
			isa = PBXGroup;
			children = (
				EA6BB0372434A1E8002EE591 /* IVTencentNetworkAPI.swift */,
				EA6BB0382434A1E8002EE591 /* IVTencentNetwork.swift */,
				EA6BB0392434A1E8002EE591 /* IVDemoNetwork.swift */,
			);
			path = Network;
			sourceTree = "<group>";
		};
		EA6BB0552434A233002EE591 /* IVMsg */ = {
			isa = PBXGroup;
			children = (
				EA6BB0562434A233002EE591 /* IVMsgOta.storyboard */,
				EA6BB0572434A233002EE591 /* IVMsgVC.swift */,
				EA6BB0582434A233002EE591 /* IVMsg.storyboard */,
				EA6BB0592434A233002EE591 /* IVMsgOtaVC.swift */,
			);
			path = IVMsg;
			sourceTree = "<group>";
		};
		EA6BB05E2434A24D002EE591 /* Utils */ = {
			isa = PBXGroup;
			children = (
				EA6BB05F2434A24D002EE591 /* IVPopupView.swift */,
				EA6BB0602434A24D002EE591 /* UIColor.swift */,
				EA6BB0612434A24D002EE591 /* IVKeychain.swift */,
				EA6BB0622434A24D002EE591 /* IVJson.swift */,
				EA6BB0632434A24D002EE591 /* IVHudAlert.swift */,
				EA6BB0642434A24D002EE591 /* IVLoginConst.swift */,
				EA6BB0652434A24D002EE591 /* UIDevice.swift */,
				EA6BB0662434A24D002EE591 /* Foundation.swift */,
				EA6BB0672434A24D002EE591 /* IVTimelineView.swift */,
				EA6BB0682434A24D002EE591 /* IVLogger.swift */,
				EA6BB0692434A24D002EE591 /* IVApiFormatTest.swift */,
				EA6BB06A2434A24D002EE591 /* IVCrypto.swift */,
				EA6BB06B2434A24D002EE591 /* UIControl.swift */,
			);
			path = Utils;
			sourceTree = "<group>";
		};
		EA6BB06C2434A24D002EE591 /* Device */ = {
			isa = PBXGroup;
			children = (
				EA6BB06D2434A24D002EE591 /* IVDevice.swift */,
				EA6BB06E2434A24D002EE591 /* IVQRCodeAddDevice.swift */,
				EA6BB06F2434A24D002EE591 /* IVLANDeviceTableVC.swift */,
				EA6BB0702434A24D002EE591 /* IVAddDevice.storyboard */,
				EA6BB0712434A24D002EE591 /* Player */,
			);
			path = Device;
			sourceTree = "<group>";
		};
		EA6BB0712434A24D002EE591 /* Player */ = {
			isa = PBXGroup;
			children = (
				EA6BB0722434A24D002EE591 /* IVLiveViewController.swift */,
				EA6BB0732434A24D002EE591 /* IVPlaybackViewController.swift */,
				EA6BB0742434A24D002EE591 /* IVLivePlayer.storyboard */,
				EA6BB0752434A24D002EE591 /* IVMonitorPlayer.storyboard */,
				EA6BB0762434A24D002EE591 /* IVPlaybackPlayer.storyboard */,
				EA6BB0772434A24D002EE591 /* IJKMediaViewController.swift */,
				EA6BB0782434A24D002EE591 /* IVDevicePlayerViewController.swift */,
				EA6BB0792434A24D002EE591 /* IVMonitorViewController.swift */,
				EA6BB07A2434A24D002EE591 /* IJKMediaPlayer.storyboard */,
			);
			path = Player;
			sourceTree = "<group>";
		};
		EA9DCB20242322B20099FF3F /* Targets */ = {
			isa = PBXGroup;
			children = (
				EA6BB02F2434A1E8002EE591 /* TX */,
			);
			path = Targets;
			sourceTree = "<group>";
		};
		EAE34CC7241B1CF100865A8A /* Supports */ = {
			isa = PBXGroup;
			children = (
				EAF055BA23CC237300432559 /* IotVideoDemo.entitlements */,
				EAF055BB23CC237300432559 /* Assets.xcassets */,
				EAF055CB23CC237300432559 /* LaunchScreen.storyboard */,
				EAF055B923CC237300432559 /* IotVideoDemo-Bridging-Header.h */,
			);
			name = Supports;
			sourceTree = "<group>";
		};
		EAF055AE23CC233200432559 /* Products */ = {
			isa = PBXGroup;
			children = (
				EAF055B323CC233200432559 /* IVDevTools.framework */,
				EAF055B523CC233200432559 /* Resource.bundle */,
			);
			name = Products;
			sourceTree = "<group>";
		};
		EAF055B823CC237300432559 /* IotVideoDemo */ = {
			isa = PBXGroup;
			children = (
				EA6BB06C2434A24D002EE591 /* Device */,
				EA6BB05E2434A24D002EE591 /* Utils */,
				EA6BB0552434A233002EE591 /* IVMsg */,
				EA9DCB20242322B20099FF3F /* Targets */,
				EAF055EF23CC237300432559 /* AppDelegate.swift */,
				EAE34C37241B1C1800865A8A /* IVNavigationViewController.swift */,
				EAE34CC7241B1CF100865A8A /* Supports */,
			);
			path = IotVideoDemo;
			sourceTree = "<group>";
		};
/* End PBXGroup section */

/* Begin PBXNativeTarget section */
		D5C7222C23839B9600585D33 /* IotVideoDemo */ = {
			isa = PBXNativeTarget;
			buildConfigurationList = D5C7223F23839B9700585D33 /* Build configuration list for PBXNativeTarget "IotVideoDemo" */;
			buildPhases = (
				C53BD107E257598E6622F0B7 /* [CP] Check Pods Manifest.lock */,
				D5C7222923839B9600585D33 /* Sources */,
				D5C7222A23839B9600585D33 /* Frameworks */,
				D5C7222B23839B9600585D33 /* Resources */,
				E4F634524BCE9D1D9E66B1A7 /* [CP] Embed Pods Frameworks */,
				D5F22F9223A0C05D007C3A48 /* Embed Frameworks */,
			);
			buildRules = (
			);
			dependencies = (
			);
			name = IotVideoDemo;
			productName = IotVideoAccontMgrDemo;
			productReference = D5C7222D23839B9600585D33 /* IotVideoDemo.app */;
			productType = "com.apple.product-type.application";
		};
/* End PBXNativeTarget section */

/* Begin PBXProject section */
		D5C7222523839B9600585D33 /* Project object */ = {
			isa = PBXProject;
			attributes = {
				CLASSPREFIX = IV;
				LastSwiftUpdateCheck = 1030;
				LastUpgradeCheck = 1030;
				ORGANIZATIONNAME = gwell;
				TargetAttributes = {
					D5C7222C23839B9600585D33 = {
						CreatedOnToolsVersion = 10.3;
						LastSwiftMigration = 1100;
					};
				};
			};
			buildConfigurationList = D5C7222823839B9600585D33 /* Build configuration list for PBXProject "IotVideoDemo" */;
			compatibilityVersion = "Xcode 9.3";
			developmentRegion = en;
			hasScannedForEncodings = 0;
			knownRegions = (
				en,
				Base,
			);
			mainGroup = D5C7222423839B9600585D33;
			productRefGroup = D5C7222E23839B9600585D33 /* Products */;
			projectDirPath = "";
			projectReferences = (
				{
					ProductGroup = EAF055AE23CC233200432559 /* Products */;
					ProjectRef = EAF055AD23CC233200432559 /* IVDevTools.xcodeproj */;
				},
			);
			projectRoot = "";
			targets = (
				D5C7222C23839B9600585D33 /* IotVideoDemo */,
			);
		};
/* End PBXProject section */

/* Begin PBXReferenceProxy section */
		EAF055B323CC233200432559 /* IVDevTools.framework */ = {
			isa = PBXReferenceProxy;
			fileType = wrapper.framework;
			path = IVDevTools.framework;
			remoteRef = EAF055B223CC233200432559 /* PBXContainerItemProxy */;
			sourceTree = BUILT_PRODUCTS_DIR;
		};
		EAF055B523CC233200432559 /* Resource.bundle */ = {
			isa = PBXReferenceProxy;
			fileType = wrapper.cfbundle;
			path = Resource.bundle;
			remoteRef = EAF055B423CC233200432559 /* PBXContainerItemProxy */;
			sourceTree = BUILT_PRODUCTS_DIR;
		};
/* End PBXReferenceProxy section */

/* Begin PBXResourcesBuildPhase section */
		D5C7222B23839B9600585D33 /* Resources */ = {
			isa = PBXResourcesBuildPhase;
			buildActionMask = 2147483647;
			files = (
				EA6BB05C2434A233002EE591 /* IVMsg.storyboard in Resources */,
				EA6BB08F2434A24D002EE591 /* IVMonitorPlayer.storyboard in Resources */,
				EAF055FE23CC237300432559 /* Assets.xcassets in Resources */,
				EA6BB04E2434A1E8002EE591 /* IVMain.storyboard in Resources */,
				EA6BB0472434A1E8002EE591 /* IVLogin.storyboard in Resources */,
				EA6BB0902434A24D002EE591 /* IVPlaybackPlayer.storyboard in Resources */,
				EA6BB08E2434A24D002EE591 /* IVLivePlayer.storyboard in Resources */,
				EA6BB05A2434A233002EE591 /* IVMsgOta.storyboard in Resources */,
				EA6BB04F2434A1E8002EE591 /* IVAccount.storyboard in Resources */,
				EA6BB04C2434A1E8002EE591 /* Logo.xcassets in Resources */,
				EA6BB0522434A1E8002EE591 /* IVDeviceMgr.storyboard in Resources */,
				EA6BB08B2434A24D002EE591 /* IVAddDevice.storyboard in Resources */,
				EAF0560C23CC237300432559 /* LaunchScreen.storyboard in Resources */,
				EA6BB0502434A1E8002EE591 /* IVAILab.storyboard in Resources */,
				EA6BB0432434A1E8002EE591 /* IVCloudStorages.storyboard in Resources */,
				EA6BB04D2434A1E8002EE591 /* IVCloudStorage.storyboard in Resources */,
				EA6BB0942434A24D002EE591 /* IJKMediaPlayer.storyboard in Resources */,
			);
			runOnlyForDeploymentPostprocessing = 0;
		};
/* End PBXResourcesBuildPhase section */

/* Begin PBXShellScriptBuildPhase section */
		C53BD107E257598E6622F0B7 /* [CP] Check Pods Manifest.lock */ = {
			isa = PBXShellScriptBuildPhase;
			buildActionMask = 2147483647;
			files = (
			);
			inputFileListPaths = (
			);
			inputPaths = (
				"${PODS_PODFILE_DIR_PATH}/Podfile.lock",
				"${PODS_ROOT}/Manifest.lock",
			);
			name = "[CP] Check Pods Manifest.lock";
			outputFileListPaths = (
			);
			outputPaths = (
				"$(DERIVED_FILE_DIR)/Pods-IotVideoDemo-checkManifestLockResult.txt",
			);
			runOnlyForDeploymentPostprocessing = 0;
			shellPath = /bin/sh;
			shellScript = "diff \"${PODS_PODFILE_DIR_PATH}/Podfile.lock\" \"${PODS_ROOT}/Manifest.lock\" > /dev/null\nif [ $? != 0 ] ; then\n    # print error to STDERR\n    echo \"error: The sandbox is not in sync with the Podfile.lock. Run 'pod install' or update your CocoaPods installation.\" >&2\n    exit 1\nfi\n# This output is used by Xcode 'outputs' to avoid re-running this script phase.\necho \"SUCCESS\" > \"${SCRIPT_OUTPUT_FILE_0}\"\n";
			showEnvVarsInLog = 0;
		};
		E4F634524BCE9D1D9E66B1A7 /* [CP] Embed Pods Frameworks */ = {
			isa = PBXShellScriptBuildPhase;
			buildActionMask = 2147483647;
			files = (
			);
			inputFileListPaths = (
				"${PODS_ROOT}/Target Support Files/Pods-IotVideoDemo/Pods-IotVideoDemo-frameworks-${CONFIGURATION}-input-files.xcfilelist",
			);
			name = "[CP] Embed Pods Frameworks";
			outputFileListPaths = (
				"${PODS_ROOT}/Target Support Files/Pods-IotVideoDemo/Pods-IotVideoDemo-frameworks-${CONFIGURATION}-output-files.xcfilelist",
			);
			runOnlyForDeploymentPostprocessing = 0;
			shellPath = /bin/sh;
			shellScript = "\"${PODS_ROOT}/Target Support Files/Pods-IotVideoDemo/Pods-IotVideoDemo-frameworks.sh\"\n";
			showEnvVarsInLog = 0;
		};
/* End PBXShellScriptBuildPhase section */

/* Begin PBXSourcesBuildPhase section */
		D5C7222923839B9600585D33 /* Sources */ = {
			isa = PBXSourcesBuildPhase;
			buildActionMask = 2147483647;
			files = (
				EAE34C71241B1C1800865A8A /* IVNavigationViewController.swift in Sources */,
				EA6BB0802434A24D002EE591 /* IVLoginConst.swift in Sources */,
				EA6BB07F2434A24D002EE591 /* IVHudAlert.swift in Sources */,
				EA6BB0482434A1E8002EE591 /* IVDeviceMgrViewController.swift in Sources */,
				EA6BB0452434A1E8002EE591 /* IVAccountViewController.swift in Sources */,
				EA6BB0462434A1E8002EE591 /* IVCloudStorageViewController.swift in Sources */,
				EA6BB0882434A24D002EE591 /* IVDevice.swift in Sources */,
				EA6BB0862434A24D002EE591 /* IVCrypto.swift in Sources */,
				EA6BB0932434A24D002EE591 /* IVMonitorViewController.swift in Sources */,
				EA6BB0892434A24D002EE591 /* IVQRCodeAddDevice.swift in Sources */,
				EA6BB0832434A24D002EE591 /* IVTimelineView.swift in Sources */,
				EA6BB0822434A24D002EE591 /* Foundation.swift in Sources */,
				EA6BB07C2434A24D002EE591 /* UIColor.swift in Sources */,
				EA6BB0442434A1E8002EE591 /* IVDeviceListViewController.swift in Sources */,
				EA6BB0852434A24D002EE591 /* IVApiFormatTest.swift in Sources */,
				EA6BB07D2434A24D002EE591 /* IVKeychain.swift in Sources */,
				EA6BB04A2434A1E8002EE591 /* IVTencentNetwork.swift in Sources */,
				EA6BB05D2434A233002EE591 /* IVMsgOtaVC.swift in Sources */,
				EA6BB0842434A24D002EE591 /* IVLogger.swift in Sources */,
				EA6BB0492434A1E8002EE591 /* IVTencentNetworkAPI.swift in Sources */,
				EA6BB0872434A24D002EE591 /* UIControl.swift in Sources */,
				EA6BB0912434A24D002EE591 /* IJKMediaViewController.swift in Sources */,
				EA6BB0512434A1E8002EE591 /* IVDeviceShareViewController.swift in Sources */,
				EA6BB0542434A1E8002EE591 /* IVLoginViewController.swift in Sources */,
				EA6BB07E2434A24D002EE591 /* IVJson.swift in Sources */,
				EA6BB08C2434A24D002EE591 /* IVLiveViewController.swift in Sources */,
				EA6BB08D2434A24D002EE591 /* IVPlaybackViewController.swift in Sources */,
				EA6BB0812434A24D002EE591 /* UIDevice.swift in Sources */,
				EA6BB07B2434A24D002EE591 /* IVPopupView.swift in Sources */,
				EA6BB0922434A24D002EE591 /* IVDevicePlayerViewController.swift in Sources */,
				EA6BB08A2434A24D002EE591 /* IVLANDeviceTableVC.swift in Sources */,
				EAF0562823CC237300432559 /* AppDelegate.swift in Sources */,
				EA6BB04B2434A1E8002EE591 /* IVDemoNetwork.swift in Sources */,
				EA6BB05B2434A233002EE591 /* IVMsgVC.swift in Sources */,
			);
			runOnlyForDeploymentPostprocessing = 0;
		};
/* End PBXSourcesBuildPhase section */

/* Begin PBXVariantGroup section */
		EAF055CB23CC237300432559 /* LaunchScreen.storyboard */ = {
			isa = PBXVariantGroup;
			children = (
				EAF055CC23CC237300432559 /* Base */,
			);
			name = LaunchScreen.storyboard;
			sourceTree = "<group>";
		};
/* End PBXVariantGroup section */

/* Begin XCBuildConfiguration section */
		D5C7223D23839B9700585D33 /* Debug */ = {
			isa = XCBuildConfiguration;
			buildSettings = {
				ALWAYS_SEARCH_USER_PATHS = NO;
				CLANG_ANALYZER_NONNULL = YES;
				CLANG_ANALYZER_NUMBER_OBJECT_CONVERSION = YES_AGGRESSIVE;
				CLANG_CXX_LANGUAGE_STANDARD = "gnu++14";
				CLANG_CXX_LIBRARY = "libc++";
				CLANG_ENABLE_MODULES = YES;
				CLANG_ENABLE_OBJC_ARC = YES;
				CLANG_ENABLE_OBJC_WEAK = YES;
				CLANG_WARN_BLOCK_CAPTURE_AUTORELEASING = YES;
				CLANG_WARN_BOOL_CONVERSION = YES;
				CLANG_WARN_COMMA = YES;
				CLANG_WARN_CONSTANT_CONVERSION = YES;
				CLANG_WARN_DEPRECATED_OBJC_IMPLEMENTATIONS = YES;
				CLANG_WARN_DIRECT_OBJC_ISA_USAGE = YES_ERROR;
				CLANG_WARN_DOCUMENTATION_COMMENTS = YES;
				CLANG_WARN_EMPTY_BODY = YES;
				CLANG_WARN_ENUM_CONVERSION = YES;
				CLANG_WARN_INFINITE_RECURSION = YES;
				CLANG_WARN_INT_CONVERSION = YES;
				CLANG_WARN_NON_LITERAL_NULL_CONVERSION = YES;
				CLANG_WARN_OBJC_IMPLICIT_RETAIN_SELF = YES;
				CLANG_WARN_OBJC_LITERAL_CONVERSION = YES;
				CLANG_WARN_OBJC_ROOT_CLASS = YES_ERROR;
				CLANG_WARN_RANGE_LOOP_ANALYSIS = YES;
				CLANG_WARN_STRICT_PROTOTYPES = YES;
				CLANG_WARN_SUSPICIOUS_MOVE = YES;
				CLANG_WARN_UNGUARDED_AVAILABILITY = YES_AGGRESSIVE;
				CLANG_WARN_UNREACHABLE_CODE = YES;
				CLANG_WARN__DUPLICATE_METHOD_MATCH = YES;
				CODE_SIGN_IDENTITY = "iPhone Developer";
				COPY_PHASE_STRIP = NO;
				DEBUG_INFORMATION_FORMAT = dwarf;
				ENABLE_STRICT_OBJC_MSGSEND = YES;
				ENABLE_TESTABILITY = YES;
				GCC_C_LANGUAGE_STANDARD = gnu11;
				GCC_DYNAMIC_NO_PIC = NO;
				GCC_NO_COMMON_BLOCKS = YES;
				GCC_OPTIMIZATION_LEVEL = 0;
				GCC_PREPROCESSOR_DEFINITIONS = (
					"DEBUG=1",
					"$(inherited)",
				);
				GCC_WARN_64_TO_32_BIT_CONVERSION = YES;
				GCC_WARN_ABOUT_RETURN_TYPE = YES_ERROR;
				GCC_WARN_UNDECLARED_SELECTOR = YES;
				GCC_WARN_UNINITIALIZED_AUTOS = YES_AGGRESSIVE;
				GCC_WARN_UNUSED_FUNCTION = YES;
				GCC_WARN_UNUSED_VARIABLE = YES;
				IPHONEOS_DEPLOYMENT_TARGET = 9.0;
				MTL_ENABLE_DEBUG_INFO = INCLUDE_SOURCE;
				MTL_FAST_MATH = YES;
				ONLY_ACTIVE_ARCH = YES;
				SDKROOT = iphoneos;
				SWIFT_ACTIVE_COMPILATION_CONDITIONS = DEBUG;
				SWIFT_OPTIMIZATION_LEVEL = "-Onone";
			};
			name = Debug;
		};
		D5C7223E23839B9700585D33 /* Release */ = {
			isa = XCBuildConfiguration;
			buildSettings = {
				ALWAYS_SEARCH_USER_PATHS = NO;
				CLANG_ANALYZER_NONNULL = YES;
				CLANG_ANALYZER_NUMBER_OBJECT_CONVERSION = YES_AGGRESSIVE;
				CLANG_CXX_LANGUAGE_STANDARD = "gnu++14";
				CLANG_CXX_LIBRARY = "libc++";
				CLANG_ENABLE_MODULES = YES;
				CLANG_ENABLE_OBJC_ARC = YES;
				CLANG_ENABLE_OBJC_WEAK = YES;
				CLANG_WARN_BLOCK_CAPTURE_AUTORELEASING = YES;
				CLANG_WARN_BOOL_CONVERSION = YES;
				CLANG_WARN_COMMA = YES;
				CLANG_WARN_CONSTANT_CONVERSION = YES;
				CLANG_WARN_DEPRECATED_OBJC_IMPLEMENTATIONS = YES;
				CLANG_WARN_DIRECT_OBJC_ISA_USAGE = YES_ERROR;
				CLANG_WARN_DOCUMENTATION_COMMENTS = YES;
				CLANG_WARN_EMPTY_BODY = YES;
				CLANG_WARN_ENUM_CONVERSION = YES;
				CLANG_WARN_INFINITE_RECURSION = YES;
				CLANG_WARN_INT_CONVERSION = YES;
				CLANG_WARN_NON_LITERAL_NULL_CONVERSION = YES;
				CLANG_WARN_OBJC_IMPLICIT_RETAIN_SELF = YES;
				CLANG_WARN_OBJC_LITERAL_CONVERSION = YES;
				CLANG_WARN_OBJC_ROOT_CLASS = YES_ERROR;
				CLANG_WARN_RANGE_LOOP_ANALYSIS = YES;
				CLANG_WARN_STRICT_PROTOTYPES = YES;
				CLANG_WARN_SUSPICIOUS_MOVE = YES;
				CLANG_WARN_UNGUARDED_AVAILABILITY = YES_AGGRESSIVE;
				CLANG_WARN_UNREACHABLE_CODE = YES;
				CLANG_WARN__DUPLICATE_METHOD_MATCH = YES;
				CODE_SIGN_IDENTITY = "iPhone Developer";
				COPY_PHASE_STRIP = NO;
				DEBUG_INFORMATION_FORMAT = "dwarf-with-dsym";
				ENABLE_NS_ASSERTIONS = NO;
				ENABLE_STRICT_OBJC_MSGSEND = YES;
				GCC_C_LANGUAGE_STANDARD = gnu11;
				GCC_NO_COMMON_BLOCKS = YES;
				GCC_WARN_64_TO_32_BIT_CONVERSION = YES;
				GCC_WARN_ABOUT_RETURN_TYPE = YES_ERROR;
				GCC_WARN_UNDECLARED_SELECTOR = YES;
				GCC_WARN_UNINITIALIZED_AUTOS = YES_AGGRESSIVE;
				GCC_WARN_UNUSED_FUNCTION = YES;
				GCC_WARN_UNUSED_VARIABLE = YES;
				IPHONEOS_DEPLOYMENT_TARGET = 9.0;
				MTL_ENABLE_DEBUG_INFO = NO;
				MTL_FAST_MATH = YES;
				SDKROOT = iphoneos;
				SWIFT_COMPILATION_MODE = wholemodule;
				SWIFT_OPTIMIZATION_LEVEL = "-O";
				VALIDATE_PRODUCT = YES;
			};
			name = Release;
		};
		D5C7224023839B9700585D33 /* Debug */ = {
			isa = XCBuildConfiguration;
			baseConfigurationReference = DD572BAB8010505F98B3D510 /* Pods-IotVideoDemo.debug.xcconfig */;
			buildSettings = {
				ASSETCATALOG_COMPILER_APPICON_NAME = AppIcon;
				CLANG_ENABLE_MODULES = YES;
				CODE_SIGN_IDENTITY = "Apple Development";
				CODE_SIGN_STYLE = Automatic;
				CURRENT_PROJECT_VERSION = 11;
				DEBUG_INFORMATION_FORMAT = "dwarf-with-dsym";
				DEFINES_MODULE = YES;
				DEVELOPMENT_TEAM = C3MLE46F3M;
				ENABLE_BITCODE = NO;
				FRAMEWORK_SEARCH_PATHS = (
					"$(inherited)",
					"$(PROJECT_DIR)",
					"$(SRCROOT)/../../SDK/Frameworks",
					"$(PROJECT_DIR)/IotVideoDemo",
					"$(USER_LIBRARY_DIR)/Mobile\\ Documents/com~apple~CloudDocs/IotVideo/SDK/Frameworks",
				);
				"GCC_PREPROCESSOR_DEFINITIONS[arch=*]" = (
					"$(inherited)",
					"COCOAPODS=1",
				);
				INFOPLIST_FILE = "$(SRCROOT)/IotVideoDemo/Targets/TX/Info.plist";
				IPHONEOS_DEPLOYMENT_TARGET = 9.0;
				LD_RUNPATH_SEARCH_PATHS = (
					"$(inherited)",
					"@executable_path/Frameworks",
				);
				MARKETING_VERSION = 1.0.1;
				PRODUCT_BUNDLE_IDENTIFIER = com.tencentcs.IotVideoDemo;
				PRODUCT_NAME = IotVideoDemo;
				PROVISIONING_PROFILE_SPECIFIER = "";
				SWIFT_OBJC_BRIDGING_HEADER = "$(SRCROOT)/IotVideoDemo/IotVideoDemo-Bridging-Header.h";
				SWIFT_OPTIMIZATION_LEVEL = "-Onone";
				SWIFT_VERSION = 5.0;
				TARGETED_DEVICE_FAMILY = "1,2";
			};
			name = Debug;
		};
		D5C7224123839B9700585D33 /* Release */ = {
			isa = XCBuildConfiguration;
			baseConfigurationReference = ECF63F18C2CB6B85B6DBE5A7 /* Pods-IotVideoDemo.release.xcconfig */;
			buildSettings = {
				ASSETCATALOG_COMPILER_APPICON_NAME = AppIcon;
				CLANG_ENABLE_MODULES = YES;
				CODE_SIGN_IDENTITY = "Apple Development";
				CODE_SIGN_STYLE = Automatic;
				CURRENT_PROJECT_VERSION = 11;
				DEFINES_MODULE = YES;
				DEVELOPMENT_TEAM = C3MLE46F3M;
				ENABLE_BITCODE = NO;
				FRAMEWORK_SEARCH_PATHS = (
					"$(inherited)",
					"$(PROJECT_DIR)",
					"$(SRCROOT)/../../SDK/Frameworks",
					"$(PROJECT_DIR)/IotVideoDemo",
					"$(USER_LIBRARY_DIR)/Mobile\\ Documents/com~apple~CloudDocs/IotVideo/SDK/Frameworks",
				);
				INFOPLIST_FILE = "$(SRCROOT)/IotVideoDemo/Targets/TX/Info.plist";
				IPHONEOS_DEPLOYMENT_TARGET = 9.0;
				LD_RUNPATH_SEARCH_PATHS = (
					"$(inherited)",
					"@executable_path/Frameworks",
				);
				MARKETING_VERSION = 1.0.1;
				PRODUCT_BUNDLE_IDENTIFIER = com.tencentcs.IotVideoDemo;
				PRODUCT_NAME = IotVideoDemo;
				PROVISIONING_PROFILE_SPECIFIER = "";
				SWIFT_OBJC_BRIDGING_HEADER = "$(SRCROOT)/IotVideoDemo/IotVideoDemo-Bridging-Header.h";
				SWIFT_VERSION = 5.0;
				TARGETED_DEVICE_FAMILY = "1,2";
			};
			name = Release;
		};
/* End XCBuildConfiguration section */

/* Begin XCConfigurationList section */
		D5C7222823839B9600585D33 /* Build configuration list for PBXProject "IotVideoDemo" */ = {
			isa = XCConfigurationList;
			buildConfigurations = (
				D5C7223D23839B9700585D33 /* Debug */,
				D5C7223E23839B9700585D33 /* Release */,
			);
			defaultConfigurationIsVisible = 0;
			defaultConfigurationName = Release;
		};
		D5C7223F23839B9700585D33 /* Build configuration list for PBXNativeTarget "IotVideoDemo" */ = {
			isa = XCConfigurationList;
			buildConfigurations = (
				D5C7224023839B9700585D33 /* Debug */,
				D5C7224123839B9700585D33 /* Release */,
			);
			defaultConfigurationIsVisible = 0;
			defaultConfigurationName = Release;
		};
/* End XCConfigurationList section */
	};
	rootObject = D5C7222523839B9600585D33 /* Project object */;
}
